// !$*UTF8*$!
{
	archiveVersion = 1;
	classes = {
	};
	objectVersion = 77;
	objects = {

/* Begin PBXBuildFile section */
		0103F19C5D4D4B64AA329967 /* ProtectViews.swift in Sources */ = {isa = PBXBuildFile; fileRef = 678ED5FE2E5037995D69217C /* ProtectViews.swift */; };
		01526116222E211B4E2C1C76 /* JamfDashCLIWorker in Embed XPC Services */ = {isa = PBXBuildFile; fileRef = FF8D851EE66BD88E93F215DC /* JamfDashCLIWorker */; settings = {ATTRIBUTES = (RemoveHeadersOnCopy, ); }; };
		015DBB0500EC985185EDBE05 /* CLIWorkerXPCProtocol.swift in Sources */ = {isa = PBXBuildFile; fileRef = D97EBD5596E79391C347A4F9 /* CLIWorkerXPCProtocol.swift */; };
		06C683AD96013344491F2E04 /* AppEnvironment.swift in Sources */ = {isa = PBXBuildFile; fileRef = AF24109F0390A8BB5B9CE979 /* AppEnvironment.swift */; };
		08A44500F621EFF454CD6EB6 /* JamfCLIConfigFile.swift in Sources */ = {isa = PBXBuildFile; fileRef = AB433244F94F9BA7AA03334D /* JamfCLIConfigFile.swift */; };
		0EE525FBB70B39EBB669DF28 /* DDMDeclarationDetailView.swift in Sources */ = {isa = PBXBuildFile; fileRef = 84E0A9E413A9BB7D077DC160 /* DDMDeclarationDetailView.swift */; };
		0FA4D793D45D7F898D3123FD /* CLIError.swift in Sources */ = {isa = PBXBuildFile; fileRef = 97BA6CE2A38E8EFC87ACFB98 /* CLIError.swift */; };
		121867D86EC6F19581FFEBA4 /* XPCCLIExecutor.swift in Sources */ = {isa = PBXBuildFile; fileRef = BA47B9A26C5F5E21390659BA /* XPCCLIExecutor.swift */; };
		1219FBA89D26E321BE583D67 /* Assets.xcassets in Resources */ = {isa = PBXBuildFile; fileRef = 39E9925EEB6C92A799BE2117 /* Assets.xcassets */; };
		1E964CBDA46105E00D36D184 /* PlatformDetailModels.swift in Sources */ = {isa = PBXBuildFile; fileRef = 18F8045BF750F0DBD913FE61 /* PlatformDetailModels.swift */; };
		21F25C265070C14A1DBF120F /* PrivacyInfo.xcprivacy in Resources */ = {isa = PBXBuildFile; fileRef = C4313180D199CB61645D6AAB /* PrivacyInfo.xcprivacy */; };
		238ECF6DFEE68CCA91B7D1F3 /* DebugLoggingService.swift in Sources */ = {isa = PBXBuildFile; fileRef = A384F7AAE000CF87E1EA4A62 /* DebugLoggingService.swift */; };
		279203C5E78BF01A17F7E531 /* ProfileService.swift in Sources */ = {isa = PBXBuildFile; fileRef = 9D1FB11144A6B476A07A65D8 /* ProfileService.swift */; };
		2B54617025756191F91E8EC7 /* JamfCredentials.swift in Sources */ = {isa = PBXBuildFile; fileRef = 76104D1E55DDA989F1DDA35B /* JamfCredentials.swift */; };
		30012CD150C42421D154D6E4 /* ErrorMessageFormatter.swift in Sources */ = {isa = PBXBuildFile; fileRef = F97422B5AE084BF291355310 /* ErrorMessageFormatter.swift */; };
		3289A1254C61CE2EDD4BC615 /* SecurityView.swift in Sources */ = {isa = PBXBuildFile; fileRef = F6B3F1138012BC76185BD3F8 /* SecurityView.swift */; };
		32C251FCF533FCDF7994C308 /* JamfDashApp.swift in Sources */ = {isa = PBXBuildFile; fileRef = 7A754F0CF54F07B6340158DE /* JamfDashApp.swift */; };
		336A786F05E90B25D851AD7D /* OverviewRepository.swift in Sources */ = {isa = PBXBuildFile; fileRef = 046D5D19F5AB57BB654920B1 /* OverviewRepository.swift */; };
		36D4C8D4FD1EA5B736CDFABC /* OverviewViewModel.swift in Sources */ = {isa = PBXBuildFile; fileRef = 3B675944B17718FCFD903900 /* OverviewViewModel.swift */; };
		37C10576B8C9651B91E24597 /* OverviewView.swift in Sources */ = {isa = PBXBuildFile; fileRef = 328D68545790292DAA1BCC82 /* OverviewView.swift */; };
		380102D83A8AE5214981F4B5 /* CLIWorkerXPCProtocol.swift in Sources */ = {isa = PBXBuildFile; fileRef = D97EBD5596E79391C347A4F9 /* CLIWorkerXPCProtocol.swift */; };
		3853583EF387B4BB5A1B5921 /* LoadState.swift in Sources */ = {isa = PBXBuildFile; fileRef = 32B4523F06193F2C2D2237AF /* LoadState.swift */; };
		3C350E7B8706BAC8EE598448 /* OverviewItem.swift in Sources */ = {isa = PBXBuildFile; fileRef = 70B891128FC5CF093DFE5598 /* OverviewItem.swift */; };
		3C36AFB1B93EF17DF225DDB5 /* DriftModels.swift in Sources */ = {isa = PBXBuildFile; fileRef = DDE709B0EFFC47F75239C075 /* DriftModels.swift */; };
		3F4F9E37FC794AE4F0D53BBF /* ReportView.swift in Sources */ = {isa = PBXBuildFile; fileRef = 8663AE6BAA28E59A85B3AC6F /* ReportView.swift */; };
		3F75BA147C03A8208CBA0FEB /* BrandingService.swift in Sources */ = {isa = PBXBuildFile; fileRef = 85BE1475E583C5EDFCDEC602 /* BrandingService.swift */; };
		3F7F0E3C1455F0DF4DD37409 /* SetupFlowTests.swift in Sources */ = {isa = PBXBuildFile; fileRef = 536BC9B27781B2FF18C19A97 /* SetupFlowTests.swift */; };
		405FC0803C204EB7B7BD4FFF /* PlatformSetup.swift in Sources */ = {isa = PBXBuildFile; fileRef = 64CF97D92D1246498EA6D506 /* PlatformSetup.swift */; };
		4346FA5BF62044A17DB33EFF /* CLIWorkerService.swift in Sources */ = {isa = PBXBuildFile; fileRef = 838CA2D99EE01E9CBF971E3B /* CLIWorkerService.swift */; };
		44625331157216107A9C749F /* RootView.swift in Sources */ = {isa = PBXBuildFile; fileRef = EB50A66360EC92E3FC979988 /* RootView.swift */; };
		447A8469FDC4444D2F8FCAB4 /* DigestHistoryView.swift in Sources */ = {isa = PBXBuildFile; fileRef = F14F0DCA6FFBA2126BBC3C89 /* DigestHistoryView.swift */; };
		44929050527C2FB0F7B67C21 /* HelpContent.swift in Sources */ = {isa = PBXBuildFile; fileRef = CDF2CDA7A492344DA752CA6C /* HelpContent.swift */; };
		44A142D305A2175641FC37C9 /* AuditView.swift in Sources */ = {isa = PBXBuildFile; fileRef = CF419ED284640E94605513B5 /* AuditView.swift */; };
		465567737DAF5DA19175F639 /* AITools.swift in Sources */ = {isa = PBXBuildFile; fileRef = AB936842570B6FC032714727 /* AITools.swift */; };
		466E717768232782A682380E /* CLIVersion.swift in Sources */ = {isa = PBXBuildFile; fileRef = AA08AC8A88F0EEE747937BE3 /* CLIVersion.swift */; };
		489FAD765C16B0159BE622DD /* ComplianceDonutChart.swift in Sources */ = {isa = PBXBuildFile; fileRef = 110A2FC9AFB355EB767C9F18 /* ComplianceDonutChart.swift */; };
		49365CD9AAEC1367EAA8319D /* FleetViewModel.swift in Sources */ = {isa = PBXBuildFile; fileRef = 122D1C3DA7468A4DBB598BD0 /* FleetViewModel.swift */; };
		49FC585C1FB60206DDCF47D2 /* SettingsInspectorView.swift in Sources */ = {isa = PBXBuildFile; fileRef = C0D4EFB95A2E424D93EC8681 /* SettingsInspectorView.swift */; };
		4EE678CFED267B6028AD2E5E /* AIAssistantViewModel.swift in Sources */ = {isa = PBXBuildFile; fileRef = 81A6AE0341D8E827B076C462 /* AIAssistantViewModel.swift */; };
		4F5A83B9D2F30B80DD6B19ED /* SchoolViews.swift in Sources */ = {isa = PBXBuildFile; fileRef = 3F322E1766F89EE01E6DB72B /* SchoolViews.swift */; };
		4FA23D097EAB626A304CCBEA /* Sparkle in Frameworks */ = {isa = PBXBuildFile; productRef = DBCECC8C1B80F4327F75D5BD /* Sparkle */; };
		4FB7C0B4BA9EA555B61CDF3E /* OnboardingView.swift in Sources */ = {isa = PBXBuildFile; fileRef = 8295FFF278ACDEF29D9D1501 /* OnboardingView.swift */; };
		522CE6ED9EBE9CE2EBB35DEF /* JamfProfile.swift in Sources */ = {isa = PBXBuildFile; fileRef = FFDFF28776F32F3744EE9C89 /* JamfProfile.swift */; };
		55DF83036BB3A33E26F93945 /* DigestService.swift in Sources */ = {isa = PBXBuildFile; fileRef = 93D6342CADCC7D9FF8F0C85E /* DigestService.swift */; };
		55EA0FC60F4B5B8F48E4D1AB /* DDMMonitorViewModel.swift in Sources */ = {isa = PBXBuildFile; fileRef = 4F66827CB13BDDEFA833FD15 /* DDMMonitorViewModel.swift */; };
		580F45A7009D52E89E998429 /* main.swift in Sources */ = {isa = PBXBuildFile; fileRef = A30F848C2283935598101B89 /* main.swift */; };
		5ABE6A30AEA5894CEE641EC0 /* DriftViewModel.swift in Sources */ = {isa = PBXBuildFile; fileRef = 532790D3E5E50C49B9B659F4 /* DriftViewModel.swift */; };
		5C571D739DA5783DEF3F68D3 /* DevicesViewModel.swift in Sources */ = {isa = PBXBuildFile; fileRef = E8CCE55195910A2FC21223E6 /* DevicesViewModel.swift */; };
		6119A6B37205EE31CA4B080D /* DriftStore.swift in Sources */ = {isa = PBXBuildFile; fileRef = 89D8007F308CB7192197B475 /* DriftStore.swift */; };
		62ABFFE36E167CEE6ACD3655 /* DDMMonitorView.swift in Sources */ = {isa = PBXBuildFile; fileRef = D5DFBA4FB2776A824875D03C /* DDMMonitorView.swift */; };
		68C8B8CF643BD46AAF394E82 /* LiquidGlassModifiers.swift in Sources */ = {isa = PBXBuildFile; fileRef = CA70F6F6179A2827CA0508BE /* LiquidGlassModifiers.swift */; };
		6967C12DFB92C50339A9DB66 /* DemoCLIManager.swift in Sources */ = {isa = PBXBuildFile; fileRef = 7CDB42F6E0B79436F2D43141 /* DemoCLIManager.swift */; };
		6A5C598B2B572E677E8C80EF /* BlueprintsView.swift in Sources */ = {isa = PBXBuildFile; fileRef = B0557DB1E3BD13AB41D84C85 /* BlueprintsView.swift */; };
		6BB5840DFCE2EB3AA0C97FD2 /* DeprecationRules.swift in Sources */ = {isa = PBXBuildFile; fileRef = D680C907B1E954A20B5DBF2C /* DeprecationRules.swift */; };
		6D102B1CDD9A53C6D70F949D /* SyncBar.swift in Sources */ = {isa = PBXBuildFile; fileRef = A6FDD39F52A288F77CA1CE74 /* SyncBar.swift */; };
		6F79EF1356D65A9B9272FD7B /* SecurityViewModel.swift in Sources */ = {isa = PBXBuildFile; fileRef = A3F38E6B5F7091E22D22EF91 /* SecurityViewModel.swift */; };
		6FFFE70861992F583E9EA0E5 /* CLIError.swift in Sources */ = {isa = PBXBuildFile; fileRef = 97BA6CE2A38E8EFC87ACFB98 /* CLIError.swift */; };
		737F81F063CC977CD9729B65 /* MobileDevicesViewModel.swift in Sources */ = {isa = PBXBuildFile; fileRef = E8B6EDA4485610CFEF3127C1 /* MobileDevicesViewModel.swift */; };
		753CD577AAE3DC03C116B703 /* Cocoa.framework in Frameworks */ = {isa = PBXBuildFile; fileRef = 0846309B7BF1A2DE80266A04 /* Cocoa.framework */; };
		7A4FF0C1C73EF91E7EFE50FD /* ComputerDetail.swift in Sources */ = {isa = PBXBuildFile; fileRef = 4D3CD911E87878616E8AE684 /* ComputerDetail.swift */; };
		7AFFCEF71FC0F59FA14775E5 /* DeviceSearchViewModel.swift in Sources */ = {isa = PBXBuildFile; fileRef = 593DEFAA86551BAAE2D3142D /* DeviceSearchViewModel.swift */; };
		7BC0BF80C61F4B552FEBF1BC /* MobileDevicesView.swift in Sources */ = {isa = PBXBuildFile; fileRef = 9CC1CD48B4A26B1C959B618C /* MobileDevicesView.swift */; };
		7DEA6E663E804FFF56EFD0E4 /* PlatformViewModel.swift in Sources */ = {isa = PBXBuildFile; fileRef = FB8B5693777519A927D2E2F2 /* PlatformViewModel.swift */; };
		8128539FBE7E2B5724623A59 /* FleetRepository.swift in Sources */ = {isa = PBXBuildFile; fileRef = 9F9AE5E2170DD1BF1E7B8E67 /* FleetRepository.swift */; };
		830E383B5481FF815698E955 /* DeviceSearchView.swift in Sources */ = {isa = PBXBuildFile; fileRef = D11104400C1207BCA192BA6A /* DeviceSearchView.swift */; };
		880391F8059A3DE542B9DC0F /* HelpView.swift in Sources */ = {isa = PBXBuildFile; fileRef = 447D8E2BFE4215CBD3BF5FFC /* HelpView.swift */; };
		8A34C52484E8AE50473F1346 /* DevicesView.swift in Sources */ = {isa = PBXBuildFile; fileRef = BA72476386D56067F74E8649 /* DevicesView.swift */; };
		8BBA3568F443F30D927EE7B0 /* AuditViewModel.swift in Sources */ = {isa = PBXBuildFile; fileRef = B42C0BB02CE1D0ED4006C1D1 /* AuditViewModel.swift */; };
		8EAF36826209649C1FAD4CE5 /* AIAssistantView.swift in Sources */ = {isa = PBXBuildFile; fileRef = 906EBC992866D89B797DECBD /* AIAssistantView.swift */; };
		8FAED68BE52331CD4D2935A4 /* FleetKnowledgeIndex.swift in Sources */ = {isa = PBXBuildFile; fileRef = 8FC3CDE86DBB84D39F9FF3BD /* FleetKnowledgeIndex.swift */; };
		903DBCB94E6BA078C9D1F9A8 /* SidebarView.swift in Sources */ = {isa = PBXBuildFile; fileRef = 6A6DA05E6B12A19B3C9E78CB /* SidebarView.swift */; };
		9456C39D71CCBAF8D4AD74E0 /* OnboardingViewModel.swift in Sources */ = {isa = PBXBuildFile; fileRef = 8BE7D76996F833E0E179A7B9 /* OnboardingViewModel.swift */; };
		94CA47A611E3124987F08A0C /* SchoolViewModel.swift in Sources */ = {isa = PBXBuildFile; fileRef = EB95840FADB6D77AD7C263CB /* SchoolViewModel.swift */; };
		94E6DBADF5A37262A242211D /* MacOS27ReadinessTests.swift in Sources */ = {isa = PBXBuildFile; fileRef = 19F65D6860AAC50376DB0026 /* MacOS27ReadinessTests.swift */; };
		953B82338107F00CC2CC41DC /* ModelDecodingTests.swift in Sources */ = {isa = PBXBuildFile; fileRef = 2BD108C8D309D947048115E1 /* ModelDecodingTests.swift */; };
		961F31FDD08C8F05D32F3F1A /* CLIExecutor.swift in Sources */ = {isa = PBXBuildFile; fileRef = 653221465C4D79BEC6D18D31 /* CLIExecutor.swift */; };
		97C86D48D4A530F3430AA962 /* JamfSecurityView.swift in Sources */ = {isa = PBXBuildFile; fileRef = CF8F47E68F35A1E7D496C965 /* JamfSecurityView.swift */; };
		98C91AF1A672AEDB59850E78 /* SecurityReport.swift in Sources */ = {isa = PBXBuildFile; fileRef = 6C1F7CEB1B62559F7CE13A51 /* SecurityReport.swift */; };
		992C5F0BE5273188EE8D09D8 /* CodeSignatureVerifier.swift in Sources */ = {isa = PBXBuildFile; fileRef = 0C9BD1B387D17ED51B8D421B /* CodeSignatureVerifier.swift */; };
		9B040C4A1D1A941AAB65D555 /* JamfSecurityClient.swift in Sources */ = {isa = PBXBuildFile; fileRef = C6BAA10FB50B9B2FA46D8A96 /* JamfSecurityClient.swift */; };
		A2345E33A831B7AB570336C1 /* PlatformModels.swift in Sources */ = {isa = PBXBuildFile; fileRef = 48FE8BF911228ADF94CCA533 /* PlatformModels.swift */; };
		AA7F82EBDEB4280C473299CB /* FleetView.swift in Sources */ = {isa = PBXBuildFile; fileRef = 09F80C6C71219252D7627548 /* FleetView.swift */; };
		AB228A3F9AF539CD01099042 /* StatCardView.swift in Sources */ = {isa = PBXBuildFile; fileRef = 3EF753970C444E49A60F45A9 /* StatCardView.swift */; };
		AB85A29444EA8B6C4A2ECED6 /* OSDistributionChart.swift in Sources */ = {isa = PBXBuildFile; fileRef = 6776F556AFF8D6E2DAB81DEC /* OSDistributionChart.swift */; };
		ADB62F5FAA9EAD87A329B1DE /* JamfSecurityRepository.swift in Sources */ = {isa = PBXBuildFile; fileRef = 5D6DB8BA0D1CC0EF525ADA88 /* JamfSecurityRepository.swift */; };
		B33F1CE34B36B8F885A12352 /* AppleIntelligenceSetupView.swift in Sources */ = {isa = PBXBuildFile; fileRef = D4A7438B295EE84A88A76741 /* AppleIntelligenceSetupView.swift */; };
		B61544C2012C7E4712FDB3C4 /* JamfProduct.swift in Sources */ = {isa = PBXBuildFile; fileRef = A57655D2D81B3538CDA41FAA /* JamfProduct.swift */; };
		B66F9DC4EDECAEE439DDB434 /* AppState.swift in Sources */ = {isa = PBXBuildFile; fileRef = 0F296E3F2BC4F04419299C8C /* AppState.swift */; };
		B97FA917612AAF40CA35D426 /* CLISecurityTests.swift in Sources */ = {isa = PBXBuildFile; fileRef = CFB78E8D8D6A83AED291B489 /* CLISecurityTests.swift */; };
		BDD81120563B8650AFCC4CA9 /* FleetModels.swift in Sources */ = {isa = PBXBuildFile; fileRef = 67645110CD028E2CE7C68EAE /* FleetModels.swift */; };
		C2E7C2392F62DA2E5B5456BB /* JamfDashIntents.swift in Sources */ = {isa = PBXBuildFile; fileRef = 5F84D27D8889FB7720A57B3F /* JamfDashIntents.swift */; };
		C36B358EF5D0939752339453 /* CLIVersionStore.swift in Sources */ = {isa = PBXBuildFile; fileRef = A4B36F8A0BB673492220609A /* CLIVersionStore.swift */; };
		C57450C55500380D984F75C4 /* JSCModels.swift in Sources */ = {isa = PBXBuildFile; fileRef = 2B6B72843CEE1E93F140BFBC /* JSCModels.swift */; };
		C74B899B407832285707063E /* UpdateReadinessModels.swift in Sources */ = {isa = PBXBuildFile; fileRef = 40DF1BC452E27146BA78BB38 /* UpdateReadinessModels.swift */; };
		C7BBE521E5DD864A7A67D5C2 /* AIAssistantViewModel+Session.swift in Sources */ = {isa = PBXBuildFile; fileRef = 2474D3B4BF10F5482B966512 /* AIAssistantViewModel+Session.swift */; };
		C927BA81DA00EB5B5EED0874 /* SettingsLayoutTests.swift in Sources */ = {isa = PBXBuildFile; fileRef = 809999E71240665EDC8BF4C1 /* SettingsLayoutTests.swift */; };
		C93036997B31E15D2BBEBBE8 /* CLIExecutor.swift in Sources */ = {isa = PBXBuildFile; fileRef = 653221465C4D79BEC6D18D31 /* CLIExecutor.swift */; };
		CAA4F6831BCDB7869016EA9A /* CorrelationModels.swift in Sources */ = {isa = PBXBuildFile; fileRef = CA9E62B119AB4FD99E5D9EAF /* CorrelationModels.swift */; };
		CC33A94530162F5A001378C2 /* JamfDash.icon in Resources */ = {isa = PBXBuildFile; fileRef = CC33A94430162F5A001378C2 /* JamfDash.icon */; };
		D18EA39AE88554B905A2DC8D /* CLIManager.swift in Sources */ = {isa = PBXBuildFile; fileRef = 847A23970E6D828FFF13343C /* CLIManager.swift */; };
		D3983D52432E139252DCEE28 /* JamfSecurityViewModel.swift in Sources */ = {isa = PBXBuildFile; fileRef = 8D62B4AB84EBA1823F7502C7 /* JamfSecurityViewModel.swift */; };
		D621CF428DDC1E3FCF0300DB /* MainView.swift in Sources */ = {isa = PBXBuildFile; fileRef = 4C12273E515071ACE087C7BF /* MainView.swift */; };
		D7955D8F525F31204E80EE05 /* ProtectViewModel.swift in Sources */ = {isa = PBXBuildFile; fileRef = 2FD9E1C7BDF2FE95296B6228 /* ProtectViewModel.swift */; };
		D882F91D3C6CBEE8AA2E6211 /* DDMModels.swift in Sources */ = {isa = PBXBuildFile; fileRef = B7FB80ABB94D6A8BD9C86799 /* DDMModels.swift */; };
		D9C8693AC9FD1FD5D4D73FAB /* CorrelationView.swift in Sources */ = {isa = PBXBuildFile; fileRef = 6F32EF194DD97E394ACA8B55 /* CorrelationView.swift */; };
		DB2FE90347DCC6051EC79147 /* UpdateReadinessView.swift in Sources */ = {isa = PBXBuildFile; fileRef = D5540969548238B221C48B1B /* UpdateReadinessView.swift */; };
		DC7E4B155F66E1FBDFF83F0B /* SettingsView.swift in Sources */ = {isa = PBXBuildFile; fileRef = BB8B40B6D7FB2B01CCB191F7 /* SettingsView.swift */; };
		DF53307F2F9448F98E05B8AF /* CorrelationViewModel.swift in Sources */ = {isa = PBXBuildFile; fileRef = 84EDBB21054A19F3A85EC81D /* CorrelationViewModel.swift */; };
		DF8CF17BD2160390F541154F /* DriftTrackerView.swift in Sources */ = {isa = PBXBuildFile; fileRef = 99CC0DC4AD815674DF649DA6 /* DriftTrackerView.swift */; };
		E088377AA55370E9B3A92DB8 /* AppUpdater.swift in Sources */ = {isa = PBXBuildFile; fileRef = 759585A030F63F374BD6FEA9 /* AppUpdater.swift */; };
		E23DC4DD7CBEB22C2731662F /* CLIDownloader.swift in Sources */ = {isa = PBXBuildFile; fileRef = AF8646BC2548A6FFCC1CB88F /* CLIDownloader.swift */; };
		E29775A793679A72DD7109D3 /* HealthScore.swift in Sources */ = {isa = PBXBuildFile; fileRef = 332CD79CF790749A979186DA /* HealthScore.swift */; };
		E55978CC0D18BA02DA815D15 /* SecurityRepository.swift in Sources */ = {isa = PBXBuildFile; fileRef = 276906C92A73944DF3BA9869 /* SecurityRepository.swift */; };
		E57CCA9CF046B3BF3FA0FAA8 /* LoadingStateView.swift in Sources */ = {isa = PBXBuildFile; fileRef = 92E7FF6814276E89C88BE2EB /* LoadingStateView.swift */; };
		E8D3C86A2671FC2F5BC00A0D /* SettingsViewModel.swift in Sources */ = {isa = PBXBuildFile; fileRef = 3426E233CE0E0184B813A629 /* SettingsViewModel.swift */; };
		EAF71F4709C06D642CC3293F /* CodeSignatureVerifier.swift in Sources */ = {isa = PBXBuildFile; fileRef = 0C9BD1B387D17ED51B8D421B /* CodeSignatureVerifier.swift */; };
		EB1BE222E343D28968D7FC17 /* PlatformAuthRequiredView.swift in Sources */ = {isa = PBXBuildFile; fileRef = 5760BEAEF4ED7958F25A3D76 /* PlatformAuthRequiredView.swift */; };
		F0A501728F23BEFBCE72F3E2 /* ComplianceBenchmarksView.swift in Sources */ = {isa = PBXBuildFile; fileRef = CB75E72BD104A22834CA508B /* ComplianceBenchmarksView.swift */; };
		F31D12AF003587121C1DAB15 /* PDFExporter.swift in Sources */ = {isa = PBXBuildFile; fileRef = 228A2C5DF5787E1FF50A2411 /* PDFExporter.swift */; };
		F58347F2C8A8404B145E1AA2 /* ProfileDeprecationScanner.swift in Sources */ = {isa = PBXBuildFile; fileRef = 09D1F672BC28420E0CCD8A78 /* ProfileDeprecationScanner.swift */; };
		F848B88ED652C0C69C3C5E0C /* SettingsInspectorViewModel.swift in Sources */ = {isa = PBXBuildFile; fileRef = 72F3BAFA064517F58CAB80FF /* SettingsInspectorViewModel.swift */; };
		FAE1A614C651AAC80AF9524A /* UpdateReadinessViewModel.swift in Sources */ = {isa = PBXBuildFile; fileRef = 85577323617DF5C7F2C92F86 /* UpdateReadinessViewModel.swift */; };
		FD4A82A2DB5E955F8B872E01 /* KeychainService.swift in Sources */ = {isa = PBXBuildFile; fileRef = 40B9C78E574926244BB00B74 /* KeychainService.swift */; };
/* End PBXBuildFile section */

/* Begin PBXContainerItemProxy section */
		07E2DE21C366500E846BED0B /* PBXContainerItemProxy */ = {
			isa = PBXContainerItemProxy;
			containerPortal = 25378913B90D1F81C3A7DADC /* Project object */;
			proxyType = 1;
			remoteGlobalIDString = A7761BD5C21D37AEAA20ABB9;
			remoteInfo = JamfDashCLIWorker;
		};
		7D1C8111935199FC95BCBB64 /* PBXContainerItemProxy */ = {
			isa = PBXContainerItemProxy;
			containerPortal = 25378913B90D1F81C3A7DADC /* Project object */;
			proxyType = 1;
			remoteGlobalIDString = FFD699B2870E59FDFA5F1413;
			remoteInfo = JamfDash;
		};
/* End PBXContainerItemProxy section */

/* Begin PBXCopyFilesBuildPhase section */
		4BA8C1B6FDEDDAEDD7DEAF1B /* Embed XPC Services */ = {
			isa = PBXCopyFilesBuildPhase;
			buildActionMask = 2147483647;
			dstPath = "$(CONTENTS_FOLDER_PATH)/XPCServices";
			dstSubfolderSpec = 16;
			files = (
				01526116222E211B4E2C1C76 /* JamfDashCLIWorker in Embed XPC Services */,
			);
			name = "Embed XPC Services";
			runOnlyForDeploymentPostprocessing = 0;
		};
/* End PBXCopyFilesBuildPhase section */

/* Begin PBXFileReference section */
		046D5D19F5AB57BB654920B1 /* OverviewRepository.swift */ = {isa = PBXFileReference; lastKnownFileType = sourcecode.swift; path = OverviewRepository.swift; sourceTree = "<group>"; };
		0846309B7BF1A2DE80266A04 /* Cocoa.framework */ = {isa = PBXFileReference; lastKnownFileType = wrapper.framework; name = Cocoa.framework; path = Platforms/MacOSX.platform/Developer/SDKs/MacOSX15.0.sdk/System/Library/Frameworks/Cocoa.framework; sourceTree = DEVELOPER_DIR; };
		09D1F672BC28420E0CCD8A78 /* ProfileDeprecationScanner.swift */ = {isa = PBXFileReference; includeInIndex = 1; lastKnownFileType = sourcecode.swift; path = ProfileDeprecationScanner.swift; sourceTree = "<group>"; };
		09F80C6C71219252D7627548 /* FleetView.swift */ = {isa = PBXFileReference; lastKnownFileType = sourcecode.swift; path = FleetView.swift; sourceTree = "<group>"; };
		0C9BD1B387D17ED51B8D421B /* CodeSignatureVerifier.swift */ = {isa = PBXFileReference; includeInIndex = 1; lastKnownFileType = sourcecode.swift; path = CodeSignatureVerifier.swift; sourceTree = "<group>"; };
		0F296E3F2BC4F04419299C8C /* AppState.swift */ = {isa = PBXFileReference; lastKnownFileType = sourcecode.swift; path = AppState.swift; sourceTree = "<group>"; };
		110A2FC9AFB355EB767C9F18 /* ComplianceDonutChart.swift */ = {isa = PBXFileReference; lastKnownFileType = sourcecode.swift; path = ComplianceDonutChart.swift; sourceTree = "<group>"; };
		122D1C3DA7468A4DBB598BD0 /* FleetViewModel.swift */ = {isa = PBXFileReference; lastKnownFileType = sourcecode.swift; path = FleetViewModel.swift; sourceTree = "<group>"; };
		18F8045BF750F0DBD913FE61 /* PlatformDetailModels.swift */ = {isa = PBXFileReference; lastKnownFileType = sourcecode.swift; path = PlatformDetailModels.swift; sourceTree = "<group>"; };
		19F65D6860AAC50376DB0026 /* MacOS27ReadinessTests.swift */ = {isa = PBXFileReference; includeInIndex = 1; lastKnownFileType = sourcecode.swift; path = MacOS27ReadinessTests.swift; sourceTree = "<group>"; };
		228A2C5DF5787E1FF50A2411 /* PDFExporter.swift */ = {isa = PBXFileReference; lastKnownFileType = sourcecode.swift; path = PDFExporter.swift; sourceTree = "<group>"; };
		2474D3B4BF10F5482B966512 /* AIAssistantViewModel+Session.swift */ = {isa = PBXFileReference; lastKnownFileType = sourcecode.swift; path = "AIAssistantViewModel+Session.swift"; sourceTree = "<group>"; };
		276906C92A73944DF3BA9869 /* SecurityRepository.swift */ = {isa = PBXFileReference; lastKnownFileType = sourcecode.swift; path = SecurityRepository.swift; sourceTree = "<group>"; };
		2B6B72843CEE1E93F140BFBC /* JSCModels.swift */ = {isa = PBXFileReference; lastKnownFileType = sourcecode.swift; path = JSCModels.swift; sourceTree = "<group>"; };
		2BD108C8D309D947048115E1 /* ModelDecodingTests.swift */ = {isa = PBXFileReference; lastKnownFileType = sourcecode.swift; path = ModelDecodingTests.swift; sourceTree = "<group>"; };
		2FD9E1C7BDF2FE95296B6228 /* ProtectViewModel.swift */ = {isa = PBXFileReference; lastKnownFileType = sourcecode.swift; path = ProtectViewModel.swift; sourceTree = "<group>"; };
		328D68545790292DAA1BCC82 /* OverviewView.swift */ = {isa = PBXFileReference; lastKnownFileType = sourcecode.swift; path = OverviewView.swift; sourceTree = "<group>"; };
		32B4523F06193F2C2D2237AF /* LoadState.swift */ = {isa = PBXFileReference; lastKnownFileType = sourcecode.swift; path = LoadState.swift; sourceTree = "<group>"; };
		332CD79CF790749A979186DA /* HealthScore.swift */ = {isa = PBXFileReference; lastKnownFileType = sourcecode.swift; path = HealthScore.swift; sourceTree = "<group>"; };
		3426E233CE0E0184B813A629 /* SettingsViewModel.swift */ = {isa = PBXFileReference; lastKnownFileType = sourcecode.swift; path = SettingsViewModel.swift; sourceTree = "<group>"; };
		39E9925EEB6C92A799BE2117 /* Assets.xcassets */ = {isa = PBXFileReference; lastKnownFileType = folder.assetcatalog; path = Assets.xcassets; sourceTree = "<group>"; };
		3B675944B17718FCFD903900 /* OverviewViewModel.swift */ = {isa = PBXFileReference; lastKnownFileType = sourcecode.swift; path = OverviewViewModel.swift; sourceTree = "<group>"; };
		3EF753970C444E49A60F45A9 /* StatCardView.swift */ = {isa = PBXFileReference; lastKnownFileType = sourcecode.swift; path = StatCardView.swift; sourceTree = "<group>"; };
		3F322E1766F89EE01E6DB72B /* SchoolViews.swift */ = {isa = PBXFileReference; lastKnownFileType = sourcecode.swift; path = SchoolViews.swift; sourceTree = "<group>"; };
		40B9C78E574926244BB00B74 /* KeychainService.swift */ = {isa = PBXFileReference; lastKnownFileType = sourcecode.swift; path = KeychainService.swift; sourceTree = "<group>"; };
		40DF1BC452E27146BA78BB38 /* UpdateReadinessModels.swift */ = {isa = PBXFileReference; includeInIndex = 1; lastKnownFileType = sourcecode.swift; path = UpdateReadinessModels.swift; sourceTree = "<group>"; };
		447D8E2BFE4215CBD3BF5FFC /* HelpView.swift */ = {isa = PBXFileReference; lastKnownFileType = sourcecode.swift; path = HelpView.swift; sourceTree = "<group>"; };
		48FE8BF911228ADF94CCA533 /* PlatformModels.swift */ = {isa = PBXFileReference; lastKnownFileType = sourcecode.swift; path = PlatformModels.swift; sourceTree = "<group>"; };
		4C12273E515071ACE087C7BF /* MainView.swift */ = {isa = PBXFileReference; lastKnownFileType = sourcecode.swift; path = MainView.swift; sourceTree = "<group>"; };
		4D3CD911E87878616E8AE684 /* ComputerDetail.swift */ = {isa = PBXFileReference; lastKnownFileType = sourcecode.swift; path = ComputerDetail.swift; sourceTree = "<group>"; };
		4F66827CB13BDDEFA833FD15 /* DDMMonitorViewModel.swift */ = {isa = PBXFileReference; lastKnownFileType = sourcecode.swift; path = DDMMonitorViewModel.swift; sourceTree = "<group>"; };
		532790D3E5E50C49B9B659F4 /* DriftViewModel.swift */ = {isa = PBXFileReference; lastKnownFileType = sourcecode.swift; path = DriftViewModel.swift; sourceTree = "<group>"; };
		536BC9B27781B2FF18C19A97 /* SetupFlowTests.swift */ = {isa = PBXFileReference; includeInIndex = 1; lastKnownFileType = sourcecode.swift; path = SetupFlowTests.swift; sourceTree = "<group>"; };
		5760BEAEF4ED7958F25A3D76 /* PlatformAuthRequiredView.swift */ = {isa = PBXFileReference; lastKnownFileType = sourcecode.swift; path = PlatformAuthRequiredView.swift; sourceTree = "<group>"; };
		593DEFAA86551BAAE2D3142D /* DeviceSearchViewModel.swift */ = {isa = PBXFileReference; lastKnownFileType = sourcecode.swift; path = DeviceSearchViewModel.swift; sourceTree = "<group>"; };
		5D6DB8BA0D1CC0EF525ADA88 /* JamfSecurityRepository.swift */ = {isa = PBXFileReference; lastKnownFileType = sourcecode.swift; path = JamfSecurityRepository.swift; sourceTree = "<group>"; };
		5F84D27D8889FB7720A57B3F /* JamfDashIntents.swift */ = {isa = PBXFileReference; includeInIndex = 1; lastKnownFileType = sourcecode.swift; path = JamfDashIntents.swift; sourceTree = "<group>"; };
		64CF97D92D1246498EA6D506 /* PlatformSetup.swift */ = {isa = PBXFileReference; includeInIndex = 1; lastKnownFileType = sourcecode.swift; path = PlatformSetup.swift; sourceTree = "<group>"; };
		653221465C4D79BEC6D18D31 /* CLIExecutor.swift */ = {isa = PBXFileReference; lastKnownFileType = sourcecode.swift; path = CLIExecutor.swift; sourceTree = "<group>"; };
		67645110CD028E2CE7C68EAE /* FleetModels.swift */ = {isa = PBXFileReference; lastKnownFileType = sourcecode.swift; path = FleetModels.swift; sourceTree = "<group>"; };
		6776F556AFF8D6E2DAB81DEC /* OSDistributionChart.swift */ = {isa = PBXFileReference; lastKnownFileType = sourcecode.swift; path = OSDistributionChart.swift; sourceTree = "<group>"; };
		678ED5FE2E5037995D69217C /* ProtectViews.swift */ = {isa = PBXFileReference; lastKnownFileType = sourcecode.swift; path = ProtectViews.swift; sourceTree = "<group>"; };
		6A6DA05E6B12A19B3C9E78CB /* SidebarView.swift */ = {isa = PBXFileReference; lastKnownFileType = sourcecode.swift; path = SidebarView.swift; sourceTree = "<group>"; };
		6C1F7CEB1B62559F7CE13A51 /* SecurityReport.swift */ = {isa = PBXFileReference; lastKnownFileType = sourcecode.swift; path = SecurityReport.swift; sourceTree = "<group>"; };
		6F32EF194DD97E394ACA8B55 /* CorrelationView.swift */ = {isa = PBXFileReference; lastKnownFileType = sourcecode.swift; path = CorrelationView.swift; sourceTree = "<group>"; };
		70B891128FC5CF093DFE5598 /* OverviewItem.swift */ = {isa = PBXFileReference; lastKnownFileType = sourcecode.swift; path = OverviewItem.swift; sourceTree = "<group>"; };
		72F3BAFA064517F58CAB80FF /* SettingsInspectorViewModel.swift */ = {isa = PBXFileReference; lastKnownFileType = sourcecode.swift; path = SettingsInspectorViewModel.swift; sourceTree = "<group>"; };
		759585A030F63F374BD6FEA9 /* AppUpdater.swift */ = {isa = PBXFileReference; lastKnownFileType = sourcecode.swift; path = AppUpdater.swift; sourceTree = "<group>"; };
		76104D1E55DDA989F1DDA35B /* JamfCredentials.swift */ = {isa = PBXFileReference; lastKnownFileType = sourcecode.swift; path = JamfCredentials.swift; sourceTree = "<group>"; };
		7A754F0CF54F07B6340158DE /* JamfDashApp.swift */ = {isa = PBXFileReference; lastKnownFileType = sourcecode.swift; path = JamfDashApp.swift; sourceTree = "<group>"; };
		7CDB42F6E0B79436F2D43141 /* DemoCLIManager.swift */ = {isa = PBXFileReference; lastKnownFileType = sourcecode.swift; path = DemoCLIManager.swift; sourceTree = "<group>"; };
		7E7AC40E74CF98EE6D591239 /* Info.plist */ = {isa = PBXFileReference; includeInIndex = 1; lastKnownFileType = text.plist.xml; path = Info.plist; sourceTree = "<group>"; };
		809999E71240665EDC8BF4C1 /* SettingsLayoutTests.swift */ = {isa = PBXFileReference; includeInIndex = 1; lastKnownFileType = sourcecode.swift; path = SettingsLayoutTests.swift; sourceTree = "<group>"; };
		81A6AE0341D8E827B076C462 /* AIAssistantViewModel.swift */ = {isa = PBXFileReference; lastKnownFileType = sourcecode.swift; path = AIAssistantViewModel.swift; sourceTree = "<group>"; };
		8295FFF278ACDEF29D9D1501 /* OnboardingView.swift */ = {isa = PBXFileReference; lastKnownFileType = sourcecode.swift; path = OnboardingView.swift; sourceTree = "<group>"; };
		838CA2D99EE01E9CBF971E3B /* CLIWorkerService.swift */ = {isa = PBXFileReference; includeInIndex = 1; lastKnownFileType = sourcecode.swift; path = CLIWorkerService.swift; sourceTree = "<group>"; };
		8422EACA00873AA3FC6DA4A3 /* Info.plist */ = {isa = PBXFileReference; lastKnownFileType = text.plist; path = Info.plist; sourceTree = "<group>"; };
		847A23970E6D828FFF13343C /* CLIManager.swift */ = {isa = PBXFileReference; lastKnownFileType = sourcecode.swift; path = CLIManager.swift; sourceTree = "<group>"; };
		84E0A9E413A9BB7D077DC160 /* DDMDeclarationDetailView.swift */ = {isa = PBXFileReference; lastKnownFileType = sourcecode.swift; path = DDMDeclarationDetailView.swift; sourceTree = "<group>"; };
		84EDBB21054A19F3A85EC81D /* CorrelationViewModel.swift */ = {isa = PBXFileReference; lastKnownFileType = sourcecode.swift; path = CorrelationViewModel.swift; sourceTree = "<group>"; };
		85577323617DF5C7F2C92F86 /* UpdateReadinessViewModel.swift */ = {isa = PBXFileReference; includeInIndex = 1; lastKnownFileType = sourcecode.swift; path = UpdateReadinessViewModel.swift; sourceTree = "<group>"; };
		85BE1475E583C5EDFCDEC602 /* BrandingService.swift */ = {isa = PBXFileReference; lastKnownFileType = sourcecode.swift; path = BrandingService.swift; sourceTree = "<group>"; };
		8663AE6BAA28E59A85B3AC6F /* ReportView.swift */ = {isa = PBXFileReference; lastKnownFileType = sourcecode.swift; path = ReportView.swift; sourceTree = "<group>"; };
		89D8007F308CB7192197B475 /* DriftStore.swift */ = {isa = PBXFileReference; lastKnownFileType = sourcecode.swift; path = DriftStore.swift; sourceTree = "<group>"; };
		8ADD262AAB540E4AA8DC6AC8 /* JamfDash.app */ = {isa = PBXFileReference; explicitFileType = wrapper.application; includeInIndex = 0; path = JamfDash.app; sourceTree = BUILT_PRODUCTS_DIR; };
		8BE7D76996F833E0E179A7B9 /* OnboardingViewModel.swift */ = {isa = PBXFileReference; lastKnownFileType = sourcecode.swift; path = OnboardingViewModel.swift; sourceTree = "<group>"; };
		8D62B4AB84EBA1823F7502C7 /* JamfSecurityViewModel.swift */ = {isa = PBXFileReference; lastKnownFileType = sourcecode.swift; path = JamfSecurityViewModel.swift; sourceTree = "<group>"; };
		8F9A6C85EB10ABC52D4CDAD4 /* JamfDashCLIWorker.entitlements */ = {isa = PBXFileReference; includeInIndex = 1; lastKnownFileType = text.plist.entitlements; path = JamfDashCLIWorker.entitlements; sourceTree = "<group>"; };
		8FC3CDE86DBB84D39F9FF3BD /* FleetKnowledgeIndex.swift */ = {isa = PBXFileReference; includeInIndex = 1; lastKnownFileType = sourcecode.swift; path = FleetKnowledgeIndex.swift; sourceTree = "<group>"; };
		906EBC992866D89B797DECBD /* AIAssistantView.swift */ = {isa = PBXFileReference; lastKnownFileType = sourcecode.swift; path = AIAssistantView.swift; sourceTree = "<group>"; };
		92E7FF6814276E89C88BE2EB /* LoadingStateView.swift */ = {isa = PBXFileReference; lastKnownFileType = sourcecode.swift; path = LoadingStateView.swift; sourceTree = "<group>"; };
		93D6342CADCC7D9FF8F0C85E /* DigestService.swift */ = {isa = PBXFileReference; lastKnownFileType = sourcecode.swift; path = DigestService.swift; sourceTree = "<group>"; };
		97BA6CE2A38E8EFC87ACFB98 /* CLIError.swift */ = {isa = PBXFileReference; lastKnownFileType = sourcecode.swift; path = CLIError.swift; sourceTree = "<group>"; };
		99CC0DC4AD815674DF649DA6 /* DriftTrackerView.swift */ = {isa = PBXFileReference; lastKnownFileType = sourcecode.swift; path = DriftTrackerView.swift; sourceTree = "<group>"; };
		9CC1CD48B4A26B1C959B618C /* MobileDevicesView.swift */ = {isa = PBXFileReference; lastKnownFileType = sourcecode.swift; path = MobileDevicesView.swift; sourceTree = "<group>"; };
		9D1FB11144A6B476A07A65D8 /* ProfileService.swift */ = {isa = PBXFileReference; lastKnownFileType = sourcecode.swift; path = ProfileService.swift; sourceTree = "<group>"; };
		9F9AE5E2170DD1BF1E7B8E67 /* FleetRepository.swift */ = {isa = PBXFileReference; lastKnownFileType = sourcecode.swift; path = FleetRepository.swift; sourceTree = "<group>"; };
		A30F848C2283935598101B89 /* main.swift */ = {isa = PBXFileReference; includeInIndex = 1; lastKnownFileType = sourcecode.swift; path = main.swift; sourceTree = "<group>"; };
		A384F7AAE000CF87E1EA4A62 /* DebugLoggingService.swift */ = {isa = PBXFileReference; lastKnownFileType = sourcecode.swift; path = DebugLoggingService.swift; sourceTree = "<group>"; };
		A3F38E6B5F7091E22D22EF91 /* SecurityViewModel.swift */ = {isa = PBXFileReference; lastKnownFileType = sourcecode.swift; path = SecurityViewModel.swift; sourceTree = "<group>"; };
		A4B36F8A0BB673492220609A /* CLIVersionStore.swift */ = {isa = PBXFileReference; lastKnownFileType = sourcecode.swift; path = CLIVersionStore.swift; sourceTree = "<group>"; };
		A57655D2D81B3538CDA41FAA /* JamfProduct.swift */ = {isa = PBXFileReference; lastKnownFileType = sourcecode.swift; path = JamfProduct.swift; sourceTree = "<group>"; };
		A6FDD39F52A288F77CA1CE74 /* SyncBar.swift */ = {isa = PBXFileReference; lastKnownFileType = sourcecode.swift; path = SyncBar.swift; sourceTree = "<group>"; };
		AA08AC8A88F0EEE747937BE3 /* CLIVersion.swift */ = {isa = PBXFileReference; lastKnownFileType = sourcecode.swift; path = CLIVersion.swift; sourceTree = "<group>"; };
		AB433244F94F9BA7AA03334D /* JamfCLIConfigFile.swift */ = {isa = PBXFileReference; includeInIndex = 1; lastKnownFileType = sourcecode.swift; path = JamfCLIConfigFile.swift; sourceTree = "<group>"; };
		AB936842570B6FC032714727 /* AITools.swift */ = {isa = PBXFileReference; lastKnownFileType = sourcecode.swift; path = AITools.swift; sourceTree = "<group>"; };
		AF24109F0390A8BB5B9CE979 /* AppEnvironment.swift */ = {isa = PBXFileReference; lastKnownFileType = sourcecode.swift; path = AppEnvironment.swift; sourceTree = "<group>"; };
		AF8646BC2548A6FFCC1CB88F /* CLIDownloader.swift */ = {isa = PBXFileReference; lastKnownFileType = sourcecode.swift; path = CLIDownloader.swift; sourceTree = "<group>"; };
		B0557DB1E3BD13AB41D84C85 /* BlueprintsView.swift */ = {isa = PBXFileReference; lastKnownFileType = sourcecode.swift; path = BlueprintsView.swift; sourceTree = "<group>"; };
		B42C0BB02CE1D0ED4006C1D1 /* AuditViewModel.swift */ = {isa = PBXFileReference; lastKnownFileType = sourcecode.swift; path = AuditViewModel.swift; sourceTree = "<group>"; };
		B7FB80ABB94D6A8BD9C86799 /* DDMModels.swift */ = {isa = PBXFileReference; lastKnownFileType = sourcecode.swift; path = DDMModels.swift; sourceTree = "<group>"; };
		BA47B9A26C5F5E21390659BA /* XPCCLIExecutor.swift */ = {isa = PBXFileReference; lastKnownFileType = sourcecode.swift; path = XPCCLIExecutor.swift; sourceTree = "<group>"; };
		BA72476386D56067F74E8649 /* DevicesView.swift */ = {isa = PBXFileReference; lastKnownFileType = sourcecode.swift; path = DevicesView.swift; sourceTree = "<group>"; };
		BB8B40B6D7FB2B01CCB191F7 /* SettingsView.swift */ = {isa = PBXFileReference; lastKnownFileType = sourcecode.swift; path = SettingsView.swift; sourceTree = "<group>"; };
		BCFECCCC57248344DE3EAF4A /* JamfDashTests.xctest */ = {isa = PBXFileReference; explicitFileType = wrapper.cfbundle; includeInIndex = 0; path = JamfDashTests.xctest; sourceTree = BUILT_PRODUCTS_DIR; };
		C0D4EFB95A2E424D93EC8681 /* SettingsInspectorView.swift */ = {isa = PBXFileReference; lastKnownFileType = sourcecode.swift; path = SettingsInspectorView.swift; sourceTree = "<group>"; };
		C4313180D199CB61645D6AAB /* PrivacyInfo.xcprivacy */ = {isa = PBXFileReference; lastKnownFileType = text.xml; path = PrivacyInfo.xcprivacy; sourceTree = "<group>"; };
		C6BAA10FB50B9B2FA46D8A96 /* JamfSecurityClient.swift */ = {isa = PBXFileReference; lastKnownFileType = sourcecode.swift; path = JamfSecurityClient.swift; sourceTree = "<group>"; };
		CA70F6F6179A2827CA0508BE /* LiquidGlassModifiers.swift */ = {isa = PBXFileReference; lastKnownFileType = sourcecode.swift; path = LiquidGlassModifiers.swift; sourceTree = "<group>"; };
		CA9E62B119AB4FD99E5D9EAF /* CorrelationModels.swift */ = {isa = PBXFileReference; lastKnownFileType = sourcecode.swift; path = CorrelationModels.swift; sourceTree = "<group>"; };
		CB75E72BD104A22834CA508B /* ComplianceBenchmarksView.swift */ = {isa = PBXFileReference; lastKnownFileType = sourcecode.swift; path = ComplianceBenchmarksView.swift; sourceTree = "<group>"; };
		CC33A94430162F5A001378C2 /* JamfDash.icon */ = {isa = PBXFileReference; lastKnownFileType = folder.iconcomposer.icon; path = JamfDash.icon; sourceTree = "<group>"; };
		CDF2CDA7A492344DA752CA6C /* HelpContent.swift */ = {isa = PBXFileReference; includeInIndex = 1; lastKnownFileType = sourcecode.swift; path = HelpContent.swift; sourceTree = "<group>"; };
		CF419ED284640E94605513B5 /* AuditView.swift */ = {isa = PBXFileReference; lastKnownFileType = sourcecode.swift; path = AuditView.swift; sourceTree = "<group>"; };
		CF8F47E68F35A1E7D496C965 /* JamfSecurityView.swift */ = {isa = PBXFileReference; lastKnownFileType = sourcecode.swift; path = JamfSecurityView.swift; sourceTree = "<group>"; };
		CFB78E8D8D6A83AED291B489 /* CLISecurityTests.swift */ = {isa = PBXFileReference; includeInIndex = 1; lastKnownFileType = sourcecode.swift; path = CLISecurityTests.swift; sourceTree = "<group>"; };
		D11104400C1207BCA192BA6A /* DeviceSearchView.swift */ = {isa = PBXFileReference; lastKnownFileType = sourcecode.swift; path = DeviceSearchView.swift; sourceTree = "<group>"; };
		D4A7438B295EE84A88A76741 /* AppleIntelligenceSetupView.swift */ = {isa = PBXFileReference; includeInIndex = 1; lastKnownFileType = sourcecode.swift; path = AppleIntelligenceSetupView.swift; sourceTree = "<group>"; };
		D5540969548238B221C48B1B /* UpdateReadinessView.swift */ = {isa = PBXFileReference; includeInIndex = 1; lastKnownFileType = sourcecode.swift; path = UpdateReadinessView.swift; sourceTree = "<group>"; };
		D5DFBA4FB2776A824875D03C /* DDMMonitorView.swift */ = {isa = PBXFileReference; lastKnownFileType = sourcecode.swift; path = DDMMonitorView.swift; sourceTree = "<group>"; };
		D680C907B1E954A20B5DBF2C /* DeprecationRules.swift */ = {isa = PBXFileReference; includeInIndex = 1; lastKnownFileType = sourcecode.swift; path = DeprecationRules.swift; sourceTree = "<group>"; };
		D97EBD5596E79391C347A4F9 /* CLIWorkerXPCProtocol.swift */ = {isa = PBXFileReference; lastKnownFileType = sourcecode.swift; path = CLIWorkerXPCProtocol.swift; sourceTree = "<group>"; };
		DDE709B0EFFC47F75239C075 /* DriftModels.swift */ = {isa = PBXFileReference; lastKnownFileType = sourcecode.swift; path = DriftModels.swift; sourceTree = "<group>"; };
		E8B6EDA4485610CFEF3127C1 /* MobileDevicesViewModel.swift */ = {isa = PBXFileReference; lastKnownFileType = sourcecode.swift; path = MobileDevicesViewModel.swift; sourceTree = "<group>"; };
		E8CCE55195910A2FC21223E6 /* DevicesViewModel.swift */ = {isa = PBXFileReference; lastKnownFileType = sourcecode.swift; path = DevicesViewModel.swift; sourceTree = "<group>"; };
		EB50A66360EC92E3FC979988 /* RootView.swift */ = {isa = PBXFileReference; lastKnownFileType = sourcecode.swift; path = RootView.swift; sourceTree = "<group>"; };
		EB95840FADB6D77AD7C263CB /* SchoolViewModel.swift */ = {isa = PBXFileReference; lastKnownFileType = sourcecode.swift; path = SchoolViewModel.swift; sourceTree = "<group>"; };
		F14F0DCA6FFBA2126BBC3C89 /* DigestHistoryView.swift */ = {isa = PBXFileReference; lastKnownFileType = sourcecode.swift; path = DigestHistoryView.swift; sourceTree = "<group>"; };
		F6B3F1138012BC76185BD3F8 /* SecurityView.swift */ = {isa = PBXFileReference; lastKnownFileType = sourcecode.swift; path = SecurityView.swift; sourceTree = "<group>"; };
		F97422B5AE084BF291355310 /* ErrorMessageFormatter.swift */ = {isa = PBXFileReference; lastKnownFileType = sourcecode.swift; path = ErrorMessageFormatter.swift; sourceTree = "<group>"; };
		FB8B5693777519A927D2E2F2 /* PlatformViewModel.swift */ = {isa = PBXFileReference; lastKnownFileType = sourcecode.swift; path = PlatformViewModel.swift; sourceTree = "<group>"; };
		FF8D851EE66BD88E93F215DC /* JamfDashCLIWorker */ = {isa = PBXFileReference; includeInIndex = 0; path = JamfDashCLIWorker; sourceTree = BUILT_PRODUCTS_DIR; };
		FFDFF28776F32F3744EE9C89 /* JamfProfile.swift */ = {isa = PBXFileReference; lastKnownFileType = sourcecode.swift; path = JamfProfile.swift; sourceTree = "<group>"; };
/* End PBXFileReference section */

/* Begin PBXFrameworksBuildPhase section */
		4EB147FCDA53AE6FDD499066 /* Frameworks */ = {
			isa = PBXFrameworksBuildPhase;
			buildActionMask = 2147483647;
			files = (
				753CD577AAE3DC03C116B703 /* Cocoa.framework in Frameworks */,
			);
			runOnlyForDeploymentPostprocessing = 0;
		};
		B2B3427256B550E70E1A3931 /* Frameworks */ = {
			isa = PBXFrameworksBuildPhase;
			buildActionMask = 2147483647;
			files = (
				4FA23D097EAB626A304CCBEA /* Sparkle in Frameworks */,
			);
			runOnlyForDeploymentPostprocessing = 0;
		};
/* End PBXFrameworksBuildPhase section */

/* Begin PBXGroup section */
		05553320472324A5B6A4BCF5 /* Settings */ = {
			isa = PBXGroup;
			children = (
				BB8B40B6D7FB2B01CCB191F7 /* SettingsView.swift */,
			);
			path = Settings;
			sourceTree = "<group>";
		};
		069341E99477BB0B5F61922C /* ViewModels */ = {
			isa = PBXGroup;
			children = (
				81A6AE0341D8E827B076C462 /* AIAssistantViewModel.swift */,
				2474D3B4BF10F5482B966512 /* AIAssistantViewModel+Session.swift */,
				B42C0BB02CE1D0ED4006C1D1 /* AuditViewModel.swift */,
				84EDBB21054A19F3A85EC81D /* CorrelationViewModel.swift */,
				4F66827CB13BDDEFA833FD15 /* DDMMonitorViewModel.swift */,
				593DEFAA86551BAAE2D3142D /* DeviceSearchViewModel.swift */,
				E8CCE55195910A2FC21223E6 /* DevicesViewModel.swift */,
				532790D3E5E50C49B9B659F4 /* DriftViewModel.swift */,
				122D1C3DA7468A4DBB598BD0 /* FleetViewModel.swift */,
				8D62B4AB84EBA1823F7502C7 /* JamfSecurityViewModel.swift */,
				32B4523F06193F2C2D2237AF /* LoadState.swift */,
				E8B6EDA4485610CFEF3127C1 /* MobileDevicesViewModel.swift */,
				8BE7D76996F833E0E179A7B9 /* OnboardingViewModel.swift */,
				3B675944B17718FCFD903900 /* OverviewViewModel.swift */,
				FB8B5693777519A927D2E2F2 /* PlatformViewModel.swift */,
				2FD9E1C7BDF2FE95296B6228 /* ProtectViewModel.swift */,
				EB95840FADB6D77AD7C263CB /* SchoolViewModel.swift */,
				A3F38E6B5F7091E22D22EF91 /* SecurityViewModel.swift */,
				72F3BAFA064517F58CAB80FF /* SettingsInspectorViewModel.swift */,
				3426E233CE0E0184B813A629 /* SettingsViewModel.swift */,
				85577323617DF5C7F2C92F86 /* UpdateReadinessViewModel.swift */,
			);
			path = ViewModels;
			sourceTree = "<group>";
		};
		27451E845FD011956A0FF79B /* Platform */ = {
			isa = PBXGroup;
			children = (
				B0557DB1E3BD13AB41D84C85 /* BlueprintsView.swift */,
				CB75E72BD104A22834CA508B /* ComplianceBenchmarksView.swift */,
				5760BEAEF4ED7958F25A3D76 /* PlatformAuthRequiredView.swift */,
				18F8045BF750F0DBD913FE61 /* PlatformDetailModels.swift */,
			);
			path = Platform;
			sourceTree = "<group>";
		};
		2F2BF3A6FDFD2DC1A173B613 /* Services */ = {
			isa = PBXGroup;
			children = (
				759585A030F63F374BD6FEA9 /* AppUpdater.swift */,
				85BE1475E583C5EDFCDEC602 /* BrandingService.swift */,
				AF8646BC2548A6FFCC1CB88F /* CLIDownloader.swift */,
				97BA6CE2A38E8EFC87ACFB98 /* CLIError.swift */,
				653221465C4D79BEC6D18D31 /* CLIExecutor.swift */,
				847A23970E6D828FFF13343C /* CLIManager.swift */,
				A4B36F8A0BB673492220609A /* CLIVersionStore.swift */,
				A384F7AAE000CF87E1EA4A62 /* DebugLoggingService.swift */,
				7CDB42F6E0B79436F2D43141 /* DemoCLIManager.swift */,
				93D6342CADCC7D9FF8F0C85E /* DigestService.swift */,
				89D8007F308CB7192197B475 /* DriftStore.swift */,
				F97422B5AE084BF291355310 /* ErrorMessageFormatter.swift */,
				C6BAA10FB50B9B2FA46D8A96 /* JamfSecurityClient.swift */,
				40B9C78E574926244BB00B74 /* KeychainService.swift */,
				9D1FB11144A6B476A07A65D8 /* ProfileService.swift */,
				D12B3D21B884C13C0A245F2D /* XPC */,
				0C9BD1B387D17ED51B8D421B /* CodeSignatureVerifier.swift */,
				09D1F672BC28420E0CCD8A78 /* ProfileDeprecationScanner.swift */,
				AB433244F94F9BA7AA03334D /* JamfCLIConfigFile.swift */,
				8FC3CDE86DBB84D39F9FF3BD /* FleetKnowledgeIndex.swift */,
			);
			path = Services;
			sourceTree = "<group>";
		};
		3484E56A8E7261DE2F40EED7 /* Models */ = {
			isa = PBXGroup;
			children = (
				AA08AC8A88F0EEE747937BE3 /* CLIVersion.swift */,
				4D3CD911E87878616E8AE684 /* ComputerDetail.swift */,
				CA9E62B119AB4FD99E5D9EAF /* CorrelationModels.swift */,
				B7FB80ABB94D6A8BD9C86799 /* DDMModels.swift */,
				DDE709B0EFFC47F75239C075 /* DriftModels.swift */,
				67645110CD028E2CE7C68EAE /* FleetModels.swift */,
				332CD79CF790749A979186DA /* HealthScore.swift */,
				76104D1E55DDA989F1DDA35B /* JamfCredentials.swift */,
				A57655D2D81B3538CDA41FAA /* JamfProduct.swift */,
				FFDFF28776F32F3744EE9C89 /* JamfProfile.swift */,
				2B6B72843CEE1E93F140BFBC /* JSCModels.swift */,
				70B891128FC5CF093DFE5598 /* OverviewItem.swift */,
				48FE8BF911228ADF94CCA533 /* PlatformModels.swift */,
				6C1F7CEB1B62559F7CE13A51 /* SecurityReport.swift */,
				D680C907B1E954A20B5DBF2C /* DeprecationRules.swift */,
				40DF1BC452E27146BA78BB38 /* UpdateReadinessModels.swift */,
				64CF97D92D1246498EA6D506 /* PlatformSetup.swift */,
			);
			path = Models;
			sourceTree = "<group>";
		};
		34EA0332054152889D35CE8C /* AIAssistant */ = {
			isa = PBXGroup;
			children = (
				906EBC992866D89B797DECBD /* AIAssistantView.swift */,
				AB936842570B6FC032714727 /* AITools.swift */,
				F14F0DCA6FFBA2126BBC3C89 /* DigestHistoryView.swift */,
				D4A7438B295EE84A88A76741 /* AppleIntelligenceSetupView.swift */,
			);
			path = AIAssistant;
			sourceTree = "<group>";
		};
		3AAA52C13B737A8FDEA8B56A /* Frameworks */ = {
			isa = PBXGroup;
			children = (
				C101A79C206E69B85CC350DC /* OS X */,
			);
			name = Frameworks;
			sourceTree = "<group>";
		};
		48C4D7E73019BCAC1CD9E462 /* Intents */ = {
			isa = PBXGroup;
			children = (
				5F84D27D8889FB7720A57B3F /* JamfDashIntents.swift */,
			);
			name = Intents;
			path = Intents;
			sourceTree = "<group>";
		};
		4F784BB8BE0F459403FFA26F /* JamfDash */ = {
			isa = PBXGroup;
			children = (
				CC33A94430162F5A001378C2 /* JamfDash.icon */,
				8422EACA00873AA3FC6DA4A3 /* Info.plist */,
				7A754F0CF54F07B6340158DE /* JamfDashApp.swift */,
				C4313180D199CB61645D6AAB /* PrivacyInfo.xcprivacy */,
				CF7FE495659A8B5CD06EB9CF /* App */,
				F3DB48AFA69EAC8BADA1F7A2 /* Features */,
				3484E56A8E7261DE2F40EED7 /* Models */,
				6DA4CA775E2F48E5A64A1FCC /* Repositories */,
				96596F0E2F4F0389754C9A5C /* Resources */,
				2F2BF3A6FDFD2DC1A173B613 /* Services */,
				B32BD77625B75C114CB70043 /* UI */,
				069341E99477BB0B5F61922C /* ViewModels */,
			);
			path = JamfDash;
			sourceTree = "<group>";
		};
		5630D58D9E350E30E2B6CDD3 /* Devices */ = {
			isa = PBXGroup;
			children = (
				BA72476386D56067F74E8649 /* DevicesView.swift */,
			);
			path = Devices;
			sourceTree = "<group>";
		};
		622D7AAC29E68E9611717409 /* Export */ = {
			isa = PBXGroup;
			children = (
				228A2C5DF5787E1FF50A2411 /* PDFExporter.swift */,
				8663AE6BAA28E59A85B3AC6F /* ReportView.swift */,
			);
			path = Export;
			sourceTree = "<group>";
		};
		667B498EC4D41B4C16D1D926 /* DDMMonitor */ = {
			isa = PBXGroup;
			children = (
				84E0A9E413A9BB7D077DC160 /* DDMDeclarationDetailView.swift */,
				D5DFBA4FB2776A824875D03C /* DDMMonitorView.swift */,
				D5540969548238B221C48B1B /* UpdateReadinessView.swift */,
			);
			path = DDMMonitor;
			sourceTree = "<group>";
		};
		6D442F9517BC17E916A928CD /* JamfDashCLIWorker */ = {
			isa = PBXGroup;
			children = (
				A30F848C2283935598101B89 /* main.swift */,
				838CA2D99EE01E9CBF971E3B /* CLIWorkerService.swift */,
				7E7AC40E74CF98EE6D591239 /* Info.plist */,
				8F9A6C85EB10ABC52D4CDAD4 /* JamfDashCLIWorker.entitlements */,
			);
			name = JamfDashCLIWorker;
			path = JamfDashCLIWorker;
			sourceTree = "<group>";
		};
		6DA4CA775E2F48E5A64A1FCC /* Repositories */ = {
			isa = PBXGroup;
			children = (
				9F9AE5E2170DD1BF1E7B8E67 /* FleetRepository.swift */,
				5D6DB8BA0D1CC0EF525ADA88 /* JamfSecurityRepository.swift */,
				046D5D19F5AB57BB654920B1 /* OverviewRepository.swift */,
				276906C92A73944DF3BA9869 /* SecurityRepository.swift */,
			);
			path = Repositories;
			sourceTree = "<group>";
		};
		709A716DCCC3B281687DE432 /* Drift */ = {
			isa = PBXGroup;
			children = (
				99CC0DC4AD815674DF649DA6 /* DriftTrackerView.swift */,
			);
			path = Drift;
			sourceTree = "<group>";
		};
		775317B4FFBF2A4523AA297C /* Protect */ = {
			isa = PBXGroup;
			children = (
				678ED5FE2E5037995D69217C /* ProtectViews.swift */,
			);
			path = Protect;
			sourceTree = "<group>";
		};
		8B6AF1684D57A7B117EFD40A /* Products */ = {
			isa = PBXGroup;
			children = (
				8ADD262AAB540E4AA8DC6AC8 /* JamfDash.app */,
				BCFECCCC57248344DE3EAF4A /* JamfDashTests.xctest */,
				FF8D851EE66BD88E93F215DC /* JamfDashCLIWorker */,
			);
			name = Products;
			sourceTree = "<group>";
		};
		948D60A8B6F66326782C4817 /* Help */ = {
			isa = PBXGroup;
			children = (
				447D8E2BFE4215CBD3BF5FFC /* HelpView.swift */,
				CDF2CDA7A492344DA752CA6C /* HelpContent.swift */,
			);
			path = Help;
			sourceTree = "<group>";
		};
		95854B5A87447F7AA602A73E /* MobileDevices */ = {
			isa = PBXGroup;
			children = (
				9CC1CD48B4A26B1C959B618C /* MobileDevicesView.swift */,
			);
			path = MobileDevices;
			sourceTree = "<group>";
		};
		96596F0E2F4F0389754C9A5C /* Resources */ = {
			isa = PBXGroup;
			children = (
				39E9925EEB6C92A799BE2117 /* Assets.xcassets */,
			);
			path = Resources;
			sourceTree = "<group>";
		};
		9706ADDC35B93E092D4E78F1 /* JamfDashTests */ = {
			isa = PBXGroup;
			children = (
				2BD108C8D309D947048115E1 /* ModelDecodingTests.swift */,
				CFB78E8D8D6A83AED291B489 /* CLISecurityTests.swift */,
				19F65D6860AAC50376DB0026 /* MacOS27ReadinessTests.swift */,
				536BC9B27781B2FF18C19A97 /* SetupFlowTests.swift */,
				809999E71240665EDC8BF4C1 /* SettingsLayoutTests.swift */,
			);
			path = JamfDashTests;
			sourceTree = "<group>";
		};
		9BCBD9B866C5E6C043FF6C4F /* Onboarding */ = {
			isa = PBXGroup;
			children = (
				8295FFF278ACDEF29D9D1501 /* OnboardingView.swift */,
			);
			path = Onboarding;
			sourceTree = "<group>";
		};
		A473F1AB1551DB565D6AD2E2 /* Audit */ = {
			isa = PBXGroup;
			children = (
				CF419ED284640E94605513B5 /* AuditView.swift */,
			);
			path = Audit;
			sourceTree = "<group>";
		};
		AB0CD62AA2DE76B7D9F7E3F9 /* Security */ = {
			isa = PBXGroup;
			children = (
				110A2FC9AFB355EB767C9F18 /* ComplianceDonutChart.swift */,
				6776F556AFF8D6E2DAB81DEC /* OSDistributionChart.swift */,
				F6B3F1138012BC76185BD3F8 /* SecurityView.swift */,
			);
			path = Security;
			sourceTree = "<group>";
		};
		AEDEDC195E6B850A147CE8B9 /* Overview */ = {
			isa = PBXGroup;
			children = (
				328D68545790292DAA1BCC82 /* OverviewView.swift */,
				3EF753970C444E49A60F45A9 /* StatCardView.swift */,
			);
			path = Overview;
			sourceTree = "<group>";
		};
		B32BD77625B75C114CB70043 /* UI */ = {
			isa = PBXGroup;
			children = (
				CA70F6F6179A2827CA0508BE /* LiquidGlassModifiers.swift */,
				92E7FF6814276E89C88BE2EB /* LoadingStateView.swift */,
				A6FDD39F52A288F77CA1CE74 /* SyncBar.swift */,
			);
			path = UI;
			sourceTree = "<group>";
		};
		B60E5B9BB75469AEBD4C617C /* Fleet */ = {
			isa = PBXGroup;
			children = (
				09F80C6C71219252D7627548 /* FleetView.swift */,
				C0D4EFB95A2E424D93EC8681 /* SettingsInspectorView.swift */,
			);
			path = Fleet;
			sourceTree = "<group>";
		};
		B81407A2B00A1D9FC12FEE3D /* JamfSecurity */ = {
			isa = PBXGroup;
			children = (
				CF8F47E68F35A1E7D496C965 /* JamfSecurityView.swift */,
			);
			path = JamfSecurity;
			sourceTree = "<group>";
		};
		BEAC2074B0D23F1996E5F1ED /* School */ = {
			isa = PBXGroup;
			children = (
				3F322E1766F89EE01E6DB72B /* SchoolViews.swift */,
			);
			path = School;
			sourceTree = "<group>";
		};
		C101A79C206E69B85CC350DC /* OS X */ = {
			isa = PBXGroup;
			children = (
				0846309B7BF1A2DE80266A04 /* Cocoa.framework */,
			);
			name = "OS X";
			sourceTree = "<group>";
		};
		CF7FE495659A8B5CD06EB9CF /* App */ = {
			isa = PBXGroup;
			children = (
				AF24109F0390A8BB5B9CE979 /* AppEnvironment.swift */,
				0F296E3F2BC4F04419299C8C /* AppState.swift */,
				4C12273E515071ACE087C7BF /* MainView.swift */,
				EB50A66360EC92E3FC979988 /* RootView.swift */,
			);
			path = App;
			sourceTree = "<group>";
		};
		D12B3D21B884C13C0A245F2D /* XPC */ = {
			isa = PBXGroup;
			children = (
				D97EBD5596E79391C347A4F9 /* CLIWorkerXPCProtocol.swift */,
				BA47B9A26C5F5E21390659BA /* XPCCLIExecutor.swift */,
			);
			path = XPC;
			sourceTree = "<group>";
		};
		ECC6438486424B86DA9FC485 /* Sidebar */ = {
			isa = PBXGroup;
			children = (
				6A6DA05E6B12A19B3C9E78CB /* SidebarView.swift */,
			);
			path = Sidebar;
			sourceTree = "<group>";
		};
		F2EBD438F3024C06EFDFB359 = {
			isa = PBXGroup;
			children = (
				4F784BB8BE0F459403FFA26F /* JamfDash */,
				9706ADDC35B93E092D4E78F1 /* JamfDashTests */,
				8B6AF1684D57A7B117EFD40A /* Products */,
				3AAA52C13B737A8FDEA8B56A /* Frameworks */,
				6D442F9517BC17E916A928CD /* JamfDashCLIWorker */,
			);
			sourceTree = "<group>";
		};
		F3DB48AFA69EAC8BADA1F7A2 /* Features */ = {
			isa = PBXGroup;
			children = (
				34EA0332054152889D35CE8C /* AIAssistant */,
				A473F1AB1551DB565D6AD2E2 /* Audit */,
				F7ABD869805F28CF2997035C /* Correlation */,
				667B498EC4D41B4C16D1D926 /* DDMMonitor */,
				5630D58D9E350E30E2B6CDD3 /* Devices */,
				F682F10ACE8B5AA7E49EB0F5 /* DeviceSearch */,
				709A716DCCC3B281687DE432 /* Drift */,
				622D7AAC29E68E9611717409 /* Export */,
				B60E5B9BB75469AEBD4C617C /* Fleet */,
				948D60A8B6F66326782C4817 /* Help */,
				B81407A2B00A1D9FC12FEE3D /* JamfSecurity */,
				95854B5A87447F7AA602A73E /* MobileDevices */,
				9BCBD9B866C5E6C043FF6C4F /* Onboarding */,
				AEDEDC195E6B850A147CE8B9 /* Overview */,
				27451E845FD011956A0FF79B /* Platform */,
				775317B4FFBF2A4523AA297C /* Protect */,
				BEAC2074B0D23F1996E5F1ED /* School */,
				AB0CD62AA2DE76B7D9F7E3F9 /* Security */,
				05553320472324A5B6A4BCF5 /* Settings */,
				ECC6438486424B86DA9FC485 /* Sidebar */,
				48C4D7E73019BCAC1CD9E462 /* Intents */,
			);
			path = Features;
			sourceTree = "<group>";
		};
		F682F10ACE8B5AA7E49EB0F5 /* DeviceSearch */ = {
			isa = PBXGroup;
			children = (
				D11104400C1207BCA192BA6A /* DeviceSearchView.swift */,
			);
			path = DeviceSearch;
			sourceTree = "<group>";
		};
		F7ABD869805F28CF2997035C /* Correlation */ = {
			isa = PBXGroup;
			children = (
				6F32EF194DD97E394ACA8B55 /* CorrelationView.swift */,
			);
			path = Correlation;
			sourceTree = "<group>";
		};
/* End PBXGroup section */

/* Begin PBXNativeTarget section */
		24E7ABEF355A8CE40DBEB69B /* JamfDashTests */ = {
			isa = PBXNativeTarget;
			buildConfigurationList = 6CF5761C7A7297D11DA34E72 /* Build configuration list for PBXNativeTarget "JamfDashTests" */;
			buildPhases = (
				FBB4B4B420F8302E0A0A312D /* Sources */,
			);
			buildRules = (
			);
			dependencies = (
				66FC8C79CFC9A3D6DE9134B6 /* PBXTargetDependency */,
			);
			name = JamfDashTests;
			productName = JamfDashTests;
			productReference = BCFECCCC57248344DE3EAF4A /* JamfDashTests.xctest */;
			productType = "com.apple.product-type.bundle.unit-test";
		};
		A7761BD5C21D37AEAA20ABB9 /* JamfDashCLIWorker */ = {
			isa = PBXNativeTarget;
			buildConfigurationList = 0CC08FBE6AF939974886DA6F /* Build configuration list for PBXNativeTarget "JamfDashCLIWorker" */;
			buildPhases = (
				5838125D0B01D0FC4DA8A64C /* Sources */,
				4EB147FCDA53AE6FDD499066 /* Frameworks */,
				D0E0F781FE3A2BAC96055330 /* Resources */,
			);
			buildRules = (
			);
			dependencies = (
			);
			name = JamfDashCLIWorker;
			productName = JamfDashCLIWorker;
			productReference = FF8D851EE66BD88E93F215DC /* JamfDashCLIWorker */;
			productType = "com.apple.product-type.xpc-service";
		};
		FFD699B2870E59FDFA5F1413 /* JamfDash */ = {
			isa = PBXNativeTarget;
			buildConfigurationList = 09A61E5592338F88D1D9C1D3 /* Build configuration list for PBXNativeTarget "JamfDash" */;
			buildPhases = (
				7C0967F8753ED919246889AD /* Sources */,
				EE735B113D63D7EF01F31AD4 /* Resources */,
				B2B3427256B550E70E1A3931 /* Frameworks */,
				4BA8C1B6FDEDDAEDD7DEAF1B /* Embed XPC Services */,
			);
			buildRules = (
			);
			dependencies = (
				0A314F0D6914FAC0BAA2881D /* PBXTargetDependency */,
			);
			name = JamfDash;
			packageProductDependencies = (
				DBCECC8C1B80F4327F75D5BD /* Sparkle */,
			);
			productName = JamfDash;
			productReference = 8ADD262AAB540E4AA8DC6AC8 /* JamfDash.app */;
			productType = "com.apple.product-type.application";
		};
/* End PBXNativeTarget section */

/* Begin PBXProject section */
		25378913B90D1F81C3A7DADC /* Project object */ = {
			isa = PBXProject;
			attributes = {
				BuildIndependentTargetsInParallel = YES;
				LastUpgradeCheck = 2660;
				TargetAttributes = {
					24E7ABEF355A8CE40DBEB69B = {
						DevelopmentTeam = "";
						ProvisioningStyle = Manual;
					};
					FFD699B2870E59FDFA5F1413 = {
						ProvisioningStyle = Automatic;
					};
				};
			};
			buildConfigurationList = 290A2107AECBD44BE9136CCC /* Build configuration list for PBXProject "JamfDash" */;
			developmentRegion = en;
			hasScannedForEncodings = 0;
			knownRegions = (
				Base,
				en,
			);
			mainGroup = F2EBD438F3024C06EFDFB359;
			minimizedProjectReferenceProxies = 1;
			packageReferences = (
				66530262C2A602F864A5698B /* XCRemoteSwiftPackageReference "Sparkle" */,
			);
			preferredProjectObjectVersion = 77;
			productRefGroup = 8B6AF1684D57A7B117EFD40A /* Products */;
			projectDirPath = "";
			projectRoot = "";
			targets = (
				FFD699B2870E59FDFA5F1413 /* JamfDash */,
				24E7ABEF355A8CE40DBEB69B /* JamfDashTests */,
				A7761BD5C21D37AEAA20ABB9 /* JamfDashCLIWorker */,
			);
		};
/* End PBXProject section */

/* Begin PBXResourcesBuildPhase section */
		D0E0F781FE3A2BAC96055330 /* Resources */ = {
			isa = PBXResourcesBuildPhase;
			buildActionMask = 2147483647;
			files = (
			);
			runOnlyForDeploymentPostprocessing = 0;
		};
		EE735B113D63D7EF01F31AD4 /* Resources */ = {
			isa = PBXResourcesBuildPhase;
			buildActionMask = 2147483647;
			files = (
				1219FBA89D26E321BE583D67 /* Assets.xcassets in Resources */,
				21F25C265070C14A1DBF120F /* PrivacyInfo.xcprivacy in Resources */,
				CC33A94530162F5A001378C2 /* JamfDash.icon in Resources */,
			);
			runOnlyForDeploymentPostprocessing = 0;
		};
/* End PBXResourcesBuildPhase section */

/* Begin PBXSourcesBuildPhase section */
		5838125D0B01D0FC4DA8A64C /* Sources */ = {
			isa = PBXSourcesBuildPhase;
			buildActionMask = 2147483647;
			files = (
				580F45A7009D52E89E998429 /* main.swift in Sources */,
				4346FA5BF62044A17DB33EFF /* CLIWorkerService.swift in Sources */,
				380102D83A8AE5214981F4B5 /* CLIWorkerXPCProtocol.swift in Sources */,
				C93036997B31E15D2BBEBBE8 /* CLIExecutor.swift in Sources */,
				6FFFE70861992F583E9EA0E5 /* CLIError.swift in Sources */,
				992C5F0BE5273188EE8D09D8 /* CodeSignatureVerifier.swift in Sources */,
			);
			runOnlyForDeploymentPostprocessing = 0;
		};
		7C0967F8753ED919246889AD /* Sources */ = {
			isa = PBXSourcesBuildPhase;
			buildActionMask = 2147483647;
			files = (
				8EAF36826209649C1FAD4CE5 /* AIAssistantView.swift in Sources */,
				C7BBE521E5DD864A7A67D5C2 /* AIAssistantViewModel+Session.swift in Sources */,
				4EE678CFED267B6028AD2E5E /* AIAssistantViewModel.swift in Sources */,
				465567737DAF5DA19175F639 /* AITools.swift in Sources */,
				06C683AD96013344491F2E04 /* AppEnvironment.swift in Sources */,
				B66F9DC4EDECAEE439DDB434 /* AppState.swift in Sources */,
				E088377AA55370E9B3A92DB8 /* AppUpdater.swift in Sources */,
				44A142D305A2175641FC37C9 /* AuditView.swift in Sources */,
				8BBA3568F443F30D927EE7B0 /* AuditViewModel.swift in Sources */,
				6A5C598B2B572E677E8C80EF /* BlueprintsView.swift in Sources */,
				3F75BA147C03A8208CBA0FEB /* BrandingService.swift in Sources */,
				E23DC4DD7CBEB22C2731662F /* CLIDownloader.swift in Sources */,
				0FA4D793D45D7F898D3123FD /* CLIError.swift in Sources */,
				961F31FDD08C8F05D32F3F1A /* CLIExecutor.swift in Sources */,
				D18EA39AE88554B905A2DC8D /* CLIManager.swift in Sources */,
				466E717768232782A682380E /* CLIVersion.swift in Sources */,
				C36B358EF5D0939752339453 /* CLIVersionStore.swift in Sources */,
				015DBB0500EC985185EDBE05 /* CLIWorkerXPCProtocol.swift in Sources */,
				F0A501728F23BEFBCE72F3E2 /* ComplianceBenchmarksView.swift in Sources */,
				489FAD765C16B0159BE622DD /* ComplianceDonutChart.swift in Sources */,
				7A4FF0C1C73EF91E7EFE50FD /* ComputerDetail.swift in Sources */,
				CAA4F6831BCDB7869016EA9A /* CorrelationModels.swift in Sources */,
				D9C8693AC9FD1FD5D4D73FAB /* CorrelationView.swift in Sources */,
				DF53307F2F9448F98E05B8AF /* CorrelationViewModel.swift in Sources */,
				0EE525FBB70B39EBB669DF28 /* DDMDeclarationDetailView.swift in Sources */,
				D882F91D3C6CBEE8AA2E6211 /* DDMModels.swift in Sources */,
				62ABFFE36E167CEE6ACD3655 /* DDMMonitorView.swift in Sources */,
				55EA0FC60F4B5B8F48E4D1AB /* DDMMonitorViewModel.swift in Sources */,
				238ECF6DFEE68CCA91B7D1F3 /* DebugLoggingService.swift in Sources */,
				6967C12DFB92C50339A9DB66 /* DemoCLIManager.swift in Sources */,
				830E383B5481FF815698E955 /* DeviceSearchView.swift in Sources */,
				7AFFCEF71FC0F59FA14775E5 /* DeviceSearchViewModel.swift in Sources */,
				8A34C52484E8AE50473F1346 /* DevicesView.swift in Sources */,
				5C571D739DA5783DEF3F68D3 /* DevicesViewModel.swift in Sources */,
				447A8469FDC4444D2F8FCAB4 /* DigestHistoryView.swift in Sources */,
				55DF83036BB3A33E26F93945 /* DigestService.swift in Sources */,
				3C36AFB1B93EF17DF225DDB5 /* DriftModels.swift in Sources */,
				6119A6B37205EE31CA4B080D /* DriftStore.swift in Sources */,
				DF8CF17BD2160390F541154F /* DriftTrackerView.swift in Sources */,
				5ABE6A30AEA5894CEE641EC0 /* DriftViewModel.swift in Sources */,
				30012CD150C42421D154D6E4 /* ErrorMessageFormatter.swift in Sources */,
				BDD81120563B8650AFCC4CA9 /* FleetModels.swift in Sources */,
				8128539FBE7E2B5724623A59 /* FleetRepository.swift in Sources */,
				AA7F82EBDEB4280C473299CB /* FleetView.swift in Sources */,
				49365CD9AAEC1367EAA8319D /* FleetViewModel.swift in Sources */,
				E29775A793679A72DD7109D3 /* HealthScore.swift in Sources */,
				880391F8059A3DE542B9DC0F /* HelpView.swift in Sources */,
				C57450C55500380D984F75C4 /* JSCModels.swift in Sources */,
				2B54617025756191F91E8EC7 /* JamfCredentials.swift in Sources */,
				32C251FCF533FCDF7994C308 /* JamfDashApp.swift in Sources */,
				B61544C2012C7E4712FDB3C4 /* JamfProduct.swift in Sources */,
				522CE6ED9EBE9CE2EBB35DEF /* JamfProfile.swift in Sources */,
				9B040C4A1D1A941AAB65D555 /* JamfSecurityClient.swift in Sources */,
				ADB62F5FAA9EAD87A329B1DE /* JamfSecurityRepository.swift in Sources */,
				97C86D48D4A530F3430AA962 /* JamfSecurityView.swift in Sources */,
				D3983D52432E139252DCEE28 /* JamfSecurityViewModel.swift in Sources */,
				FD4A82A2DB5E955F8B872E01 /* KeychainService.swift in Sources */,
				68C8B8CF643BD46AAF394E82 /* LiquidGlassModifiers.swift in Sources */,
				3853583EF387B4BB5A1B5921 /* LoadState.swift in Sources */,
				E57CCA9CF046B3BF3FA0FAA8 /* LoadingStateView.swift in Sources */,
				D621CF428DDC1E3FCF0300DB /* MainView.swift in Sources */,
				7BC0BF80C61F4B552FEBF1BC /* MobileDevicesView.swift in Sources */,
				737F81F063CC977CD9729B65 /* MobileDevicesViewModel.swift in Sources */,
				AB85A29444EA8B6C4A2ECED6 /* OSDistributionChart.swift in Sources */,
				4FB7C0B4BA9EA555B61CDF3E /* OnboardingView.swift in Sources */,
				9456C39D71CCBAF8D4AD74E0 /* OnboardingViewModel.swift in Sources */,
				3C350E7B8706BAC8EE598448 /* OverviewItem.swift in Sources */,
				336A786F05E90B25D851AD7D /* OverviewRepository.swift in Sources */,
				37C10576B8C9651B91E24597 /* OverviewView.swift in Sources */,
				36D4C8D4FD1EA5B736CDFABC /* OverviewViewModel.swift in Sources */,
				F31D12AF003587121C1DAB15 /* PDFExporter.swift in Sources */,
				EB1BE222E343D28968D7FC17 /* PlatformAuthRequiredView.swift in Sources */,
				1E964CBDA46105E00D36D184 /* PlatformDetailModels.swift in Sources */,
				A2345E33A831B7AB570336C1 /* PlatformModels.swift in Sources */,
				7DEA6E663E804FFF56EFD0E4 /* PlatformViewModel.swift in Sources */,
				279203C5E78BF01A17F7E531 /* ProfileService.swift in Sources */,
				D7955D8F525F31204E80EE05 /* ProtectViewModel.swift in Sources */,
				0103F19C5D4D4B64AA329967 /* ProtectViews.swift in Sources */,
				3F4F9E37FC794AE4F0D53BBF /* ReportView.swift in Sources */,
				44625331157216107A9C749F /* RootView.swift in Sources */,
				94CA47A611E3124987F08A0C /* SchoolViewModel.swift in Sources */,
				4F5A83B9D2F30B80DD6B19ED /* SchoolViews.swift in Sources */,
				98C91AF1A672AEDB59850E78 /* SecurityReport.swift in Sources */,
				E55978CC0D18BA02DA815D15 /* SecurityRepository.swift in Sources */,
				3289A1254C61CE2EDD4BC615 /* SecurityView.swift in Sources */,
				6F79EF1356D65A9B9272FD7B /* SecurityViewModel.swift in Sources */,
				49FC585C1FB60206DDCF47D2 /* SettingsInspectorView.swift in Sources */,
				F848B88ED652C0C69C3C5E0C /* SettingsInspectorViewModel.swift in Sources */,
				DC7E4B155F66E1FBDFF83F0B /* SettingsView.swift in Sources */,
				E8D3C86A2671FC2F5BC00A0D /* SettingsViewModel.swift in Sources */,
				903DBCB94E6BA078C9D1F9A8 /* SidebarView.swift in Sources */,
				AB228A3F9AF539CD01099042 /* StatCardView.swift in Sources */,
				6D102B1CDD9A53C6D70F949D /* SyncBar.swift in Sources */,
				121867D86EC6F19581FFEBA4 /* XPCCLIExecutor.swift in Sources */,
				EAF71F4709C06D642CC3293F /* CodeSignatureVerifier.swift in Sources */,
				6BB5840DFCE2EB3AA0C97FD2 /* DeprecationRules.swift in Sources */,
				C74B899B407832285707063E /* UpdateReadinessModels.swift in Sources */,
				F58347F2C8A8404B145E1AA2 /* ProfileDeprecationScanner.swift in Sources */,
				FAE1A614C651AAC80AF9524A /* UpdateReadinessViewModel.swift in Sources */,
				DB2FE90347DCC6051EC79147 /* UpdateReadinessView.swift in Sources */,
				C2E7C2392F62DA2E5B5456BB /* JamfDashIntents.swift in Sources */,
				08A44500F621EFF454CD6EB6 /* JamfCLIConfigFile.swift in Sources */,
				405FC0803C204EB7B7BD4FFF /* PlatformSetup.swift in Sources */,
				8FAED68BE52331CD4D2935A4 /* FleetKnowledgeIndex.swift in Sources */,
				B33F1CE34B36B8F885A12352 /* AppleIntelligenceSetupView.swift in Sources */,
				44929050527C2FB0F7B67C21 /* HelpContent.swift in Sources */,
			);
			runOnlyForDeploymentPostprocessing = 0;
		};
		FBB4B4B420F8302E0A0A312D /* Sources */ = {
			isa = PBXSourcesBuildPhase;
			buildActionMask = 2147483647;
			files = (
				953B82338107F00CC2CC41DC /* ModelDecodingTests.swift in Sources */,
				B97FA917612AAF40CA35D426 /* CLISecurityTests.swift in Sources */,
				94E6DBADF5A37262A242211D /* MacOS27ReadinessTests.swift in Sources */,
				3F7F0E3C1455F0DF4DD37409 /* SetupFlowTests.swift in Sources */,
				C927BA81DA00EB5B5EED0874 /* SettingsLayoutTests.swift in Sources */,
			);
			runOnlyForDeploymentPostprocessing = 0;
		};
/* End PBXSourcesBuildPhase section */

/* Begin PBXTargetDependency section */
		0A314F0D6914FAC0BAA2881D /* PBXTargetDependency */ = {
			isa = PBXTargetDependency;
			name = JamfDashCLIWorker;
			target = A7761BD5C21D37AEAA20ABB9 /* JamfDashCLIWorker */;
			targetProxy = 07E2DE21C366500E846BED0B /* PBXContainerItemProxy */;
		};
		66FC8C79CFC9A3D6DE9134B6 /* PBXTargetDependency */ = {
			isa = PBXTargetDependency;
			target = FFD699B2870E59FDFA5F1413 /* JamfDash */;
			targetProxy = 7D1C8111935199FC95BCBB64 /* PBXContainerItemProxy */;
		};
/* End PBXTargetDependency section */

/* Begin XCBuildConfiguration section */
		06185AEADD079D50930DCF0B /* Release */ = {
			isa = XCBuildConfiguration;
			buildSettings = {
				CODE_SIGN_ENTITLEMENTS = JamfDashCLIWorker/JamfDashCLIWorker.entitlements;
				"CODE_SIGN_IDENTITY[sdk=macosx*]" = "Apple Development";
				CODE_SIGN_STYLE = Automatic;
				CURRENT_PROJECT_VERSION = 20260927.5;
				DEVELOPMENT_TEAM = 4FZ2H85CA5;
				ENABLE_HARDENED_RUNTIME = YES;
				INFOPLIST_FILE = JamfDashCLIWorker/Info.plist;
				MACOSX_DEPLOYMENT_TARGET = 14.0;
				MARKETING_VERSION = 0.8.2;
				PRODUCT_BUNDLE_IDENTIFIER = be.devliegere.JamfDash.CLIWorker;
				PRODUCT_NAME = be.devliegere.JamfDash.CLIWorker;
				SDKROOT = macosx;
				SKIP_INSTALL = YES;
				SWIFT_STRICT_CONCURRENCY = complete;
				SWIFT_VERSION = 6.0;
			};
			name = Release;
		};
		4EB1D246736B8C4830616532 /* Release */ = {
			isa = XCBuildConfiguration;
			buildSettings = {
				ASSETCATALOG_COMPILER_APPICON_NAME = JamfDash;
				ASSETCATALOG_COMPILER_INCLUDE_ALL_APPICON_ASSETS = YES;
				CODE_SIGN_ENTITLEMENTS = JamfDash/JamfDash.entitlements;
				"CODE_SIGN_IDENTITY[sdk=macosx*]" = "Apple Development";
				COMBINE_HIDPI_IMAGES = YES;
				CURRENT_PROJECT_VERSION = 20260927.5;
				DEVELOPMENT_TEAM = 4FZ2H85CA5;
				INFOPLIST_FILE = JamfDash/Info.plist;
				INFOPLIST_KEY_CFBundleDisplayName = "Jamf Dash";
				INFOPLIST_KEY_LSApplicationCategoryType = "public.app-category.utilities";
				LD_RUNPATH_SEARCH_PATHS = (
					"$(inherited)",
					"@executable_path/../Frameworks",
				);
				MACOSX_DEPLOYMENT_TARGET = 14.0;
				MARKETING_VERSION = 0.8.2;
				PRODUCT_BUNDLE_IDENTIFIER = be.devliegere.JamfDash;
				SDKROOT = macosx;
			};
			name = Release;
		};
		7D187A6CBF724B88E9EB06F0 /* Debug */ = {
			isa = XCBuildConfiguration;
			buildSettings = {
				ASSETCATALOG_COMPILER_APPICON_NAME = JamfDash;
				ASSETCATALOG_COMPILER_INCLUDE_ALL_APPICON_ASSETS = YES;
				CODE_SIGN_ENTITLEMENTS = JamfDash/JamfDash.entitlements;
				"CODE_SIGN_IDENTITY[sdk=macosx*]" = "Apple Development";
				COMBINE_HIDPI_IMAGES = YES;
				CURRENT_PROJECT_VERSION = 20260927.5;
				DEVELOPMENT_TEAM = 4FZ2H85CA5;
				INFOPLIST_FILE = JamfDash/Info.plist;
				INFOPLIST_KEY_CFBundleDisplayName = "Jamf Dash";
				INFOPLIST_KEY_LSApplicationCategoryType = "public.app-category.utilities";
				LD_RUNPATH_SEARCH_PATHS = (
					"$(inherited)",
					"@executable_path/../Frameworks",
				);
				MACOSX_DEPLOYMENT_TARGET = 14.0;
				MARKETING_VERSION = 0.8.2;
				PRODUCT_BUNDLE_IDENTIFIER = be.devliegere.JamfDash;
				SDKROOT = macosx;
			};
			name = Debug;
		};
		9820D8F2B9AADF45DDEA9C6E /* Release */ = {
			isa = XCBuildConfiguration;
			buildSettings = {
				ALWAYS_SEARCH_USER_PATHS = NO;
				CLANG_ANALYZER_NONNULL = YES;
				CLANG_ANALYZER_NUMBER_OBJECT_CONVERSION = YES_AGGRESSIVE;
				CLANG_CXX_LANGUAGE_STANDARD = "gnu++14";
				CLANG_CXX_LIBRARY = "libc++";
				CLANG_ENABLE_MODULES = YES;
				CLANG_ENABLE_OBJC_ARC = YES;
				CLANG_ENABLE_OBJC_WEAK = YES;
				CLANG_WARN_BLOCK_CAPTURE_AUTORELEASING = YES;
				CLANG_WARN_BOOL_CONVERSION = YES;
				CLANG_WARN_COMMA = YES;
				CLANG_WARN_CONSTANT_CONVERSION = YES;
				CLANG_WARN_DEPRECATED_OBJC_IMPLEMENTATIONS = YES;
				CLANG_WARN_DIRECT_OBJC_ISA_USAGE = YES_ERROR;
				CLANG_WARN_DOCUMENTATION_COMMENTS = YES;
				CLANG_WARN_EMPTY_BODY = YES;
				CLANG_WARN_ENUM_CONVERSION = YES;
				CLANG_WARN_INFINITE_RECURSION = YES;
				CLANG_WARN_INT_CONVERSION = YES;
				CLANG_WARN_NON_LITERAL_NULL_CONVERSION = YES;
				CLANG_WARN_OBJC_IMPLICIT_RETAIN_SELF = YES;
				CLANG_WARN_OBJC_LITERAL_CONVERSION = YES;
				CLANG_WARN_OBJC_ROOT_CLASS = YES_ERROR;
				CLANG_WARN_QUOTED_INCLUDE_IN_FRAMEWORK_HEADER = YES;
				CLANG_WARN_RANGE_LOOP_ANALYSIS = YES;
				CLANG_WARN_STRICT_PROTOTYPES = YES;
				CLANG_WARN_SUSPICIOUS_MOVE = YES;
				CLANG_WARN_UNGUARDED_AVAILABILITY = YES_AGGRESSIVE;
				CLANG_WARN_UNREACHABLE_CODE = YES;
				CLANG_WARN__DUPLICATE_METHOD_MATCH = YES;
				CODE_SIGN_STYLE = Automatic;
				COPY_PHASE_STRIP = NO;
				CURRENT_PROJECT_VERSION = 20260927.5;
				DEAD_CODE_STRIPPING = YES;
				DEBUG_INFORMATION_FORMAT = "dwarf-with-dsym";
				ENABLE_APP_SANDBOX = NO;
				ENABLE_HARDENED_RUNTIME = YES;
				ENABLE_NS_ASSERTIONS = NO;
				ENABLE_STRICT_OBJC_MSGSEND = YES;
				ENABLE_USER_SCRIPT_SANDBOXING = YES;
				GCC_C_LANGUAGE_STANDARD = gnu11;
				GCC_NO_COMMON_BLOCKS = YES;
				GCC_WARN_64_TO_32_BIT_CONVERSION = YES;
				GCC_WARN_ABOUT_RETURN_TYPE = YES_ERROR;
				GCC_WARN_UNDECLARED_SELECTOR = YES;
				GCC_WARN_UNINITIALIZED_AUTOS = YES_AGGRESSIVE;
				GCC_WARN_UNUSED_FUNCTION = YES;
				GCC_WARN_UNUSED_VARIABLE = YES;
				MACOSX_DEPLOYMENT_TARGET = 14.0;
				MARKETING_VERSION = 0.8.2;
				MTL_ENABLE_DEBUG_INFO = NO;
				MTL_FAST_MATH = YES;
				PRODUCT_NAME = "$(TARGET_NAME)";
				SDKROOT = macosx;
				STRING_CATALOG_GENERATE_SYMBOLS = YES;
				SWIFT_COMPILATION_MODE = wholemodule;
				SWIFT_OPTIMIZATION_LEVEL = "-O";
				SWIFT_STRICT_CONCURRENCY = complete;
				SWIFT_VERSION = 6.0;
			};
			name = Release;
		};
		9F99EDBC46C21CD64F579886 /* Debug */ = {
			isa = XCBuildConfiguration;
			buildSettings = {
				ALWAYS_SEARCH_USER_PATHS = NO;
				CLANG_ANALYZER_NONNULL = YES;
				CLANG_ANALYZER_NUMBER_OBJECT_CONVERSION = YES_AGGRESSIVE;
				CLANG_CXX_LANGUAGE_STANDARD = "gnu++14";
				CLANG_CXX_LIBRARY = "libc++";
				CLANG_ENABLE_MODULES = YES;
				CLANG_ENABLE_OBJC_ARC = YES;
				CLANG_ENABLE_OBJC_WEAK = YES;
				CLANG_WARN_BLOCK_CAPTURE_AUTORELEASING = YES;
				CLANG_WARN_BOOL_CONVERSION = YES;
				CLANG_WARN_COMMA = YES;
				CLANG_WARN_CONSTANT_CONVERSION = YES;
				CLANG_WARN_DEPRECATED_OBJC_IMPLEMENTATIONS = YES;
				CLANG_WARN_DIRECT_OBJC_ISA_USAGE = YES_ERROR;
				CLANG_WARN_DOCUMENTATION_COMMENTS = YES;
				CLANG_WARN_EMPTY_BODY = YES;
				CLANG_WARN_ENUM_CONVERSION = YES;
				CLANG_WARN_INFINITE_RECURSION = YES;
				CLANG_WARN_INT_CONVERSION = YES;
				CLANG_WARN_NON_LITERAL_NULL_CONVERSION = YES;
				CLANG_WARN_OBJC_IMPLICIT_RETAIN_SELF = YES;
				CLANG_WARN_OBJC_LITERAL_CONVERSION = YES;
				CLANG_WARN_OBJC_ROOT_CLASS = YES_ERROR;
				CLANG_WARN_QUOTED_INCLUDE_IN_FRAMEWORK_HEADER = YES;
				CLANG_WARN_RANGE_LOOP_ANALYSIS = YES;
				CLANG_WARN_STRICT_PROTOTYPES = YES;
				CLANG_WARN_SUSPICIOUS_MOVE = YES;
				CLANG_WARN_UNGUARDED_AVAILABILITY = YES_AGGRESSIVE;
				CLANG_WARN_UNREACHABLE_CODE = YES;
				CLANG_WARN__DUPLICATE_METHOD_MATCH = YES;
				CODE_SIGN_STYLE = Automatic;
				COPY_PHASE_STRIP = NO;
				CURRENT_PROJECT_VERSION = 20260927.5;
				DEAD_CODE_STRIPPING = YES;
				DEBUG_INFORMATION_FORMAT = dwarf;
				ENABLE_APP_SANDBOX = NO;
				ENABLE_HARDENED_RUNTIME = YES;
				ENABLE_STRICT_OBJC_MSGSEND = YES;
				ENABLE_TESTABILITY = YES;
				ENABLE_USER_SCRIPT_SANDBOXING = YES;
				GCC_C_LANGUAGE_STANDARD = gnu11;
				GCC_DYNAMIC_NO_PIC = NO;
				GCC_NO_COMMON_BLOCKS = YES;
				GCC_OPTIMIZATION_LEVEL = 0;
				GCC_PREPROCESSOR_DEFINITIONS = (
					"$(inherited)",
					"DEBUG=1",
				);
				GCC_WARN_64_TO_32_BIT_CONVERSION = YES;
				GCC_WARN_ABOUT_RETURN_TYPE = YES_ERROR;
				GCC_WARN_UNDECLARED_SELECTOR = YES;
				GCC_WARN_UNINITIALIZED_AUTOS = YES_AGGRESSIVE;
				GCC_WARN_UNUSED_FUNCTION = YES;
				GCC_WARN_UNUSED_VARIABLE = YES;
				MACOSX_DEPLOYMENT_TARGET = 14.0;
				MARKETING_VERSION = 0.8.2;
				MTL_ENABLE_DEBUG_INFO = INCLUDE_SOURCE;
				MTL_FAST_MATH = YES;
				ONLY_ACTIVE_ARCH = YES;
				PRODUCT_NAME = "$(TARGET_NAME)";
				SDKROOT = macosx;
				STRING_CATALOG_GENERATE_SYMBOLS = YES;
				SWIFT_ACTIVE_COMPILATION_CONDITIONS = DEBUG;
				SWIFT_OPTIMIZATION_LEVEL = "-Onone";
				SWIFT_STRICT_CONCURRENCY = complete;
				SWIFT_VERSION = 6.0;
			};
			name = Debug;
		};
		B0FE17BA2633B06A25DADC98 /* Debug */ = {
			isa = XCBuildConfiguration;
			buildSettings = {
				CODE_SIGN_ENTITLEMENTS = JamfDashCLIWorker/JamfDashCLIWorker.entitlements;
				"CODE_SIGN_IDENTITY[sdk=macosx*]" = "Apple Development";
				CODE_SIGN_STYLE = Automatic;
				CURRENT_PROJECT_VERSION = 20260927.5;
				DEVELOPMENT_TEAM = 4FZ2H85CA5;
				ENABLE_HARDENED_RUNTIME = YES;
				INFOPLIST_FILE = JamfDashCLIWorker/Info.plist;
				MACOSX_DEPLOYMENT_TARGET = 14.0;
				MARKETING_VERSION = 0.8.2;
				PRODUCT_BUNDLE_IDENTIFIER = be.devliegere.JamfDash.CLIWorker;
				PRODUCT_NAME = be.devliegere.JamfDash.CLIWorker;
				SDKROOT = macosx;
				SKIP_INSTALL = YES;
				SWIFT_STRICT_CONCURRENCY = complete;
				SWIFT_VERSION = 6.0;
			};
			name = Debug;
		};
		B90D2906D4C937937814DA5B /* Release */ = {
			isa = XCBuildConfiguration;
			buildSettings = {
				BUNDLE_LOADER = "$(TEST_HOST)";
				CODE_SIGN_IDENTITY = "-";
				CODE_SIGN_STYLE = Manual;
				COMBINE_HIDPI_IMAGES = YES;
				DEVELOPMENT_TEAM = "";
				GENERATE_INFOPLIST_FILE = YES;
				LD_RUNPATH_SEARCH_PATHS = (
					"$(inherited)",
					"@executable_path/../Frameworks",
					"@loader_path/../Frameworks",
				);
				MACOSX_DEPLOYMENT_TARGET = 14.0;
				PRODUCT_BUNDLE_IDENTIFIER = be.devliegere.JamfDash.tests;
				SDKROOT = macosx;
				TEST_HOST = "$(BUILT_PRODUCTS_DIR)/JamfDash.app/Contents/MacOS/JamfDash";
			};
			name = Release;
		};
		FF540715E799F8A3246EA679 /* Debug */ = {
			isa = XCBuildConfiguration;
			buildSettings = {
				BUNDLE_LOADER = "$(TEST_HOST)";
				CODE_SIGN_IDENTITY = "-";
				CODE_SIGN_STYLE = Manual;
				COMBINE_HIDPI_IMAGES = YES;
				DEVELOPMENT_TEAM = "";
				GENERATE_INFOPLIST_FILE = YES;
				LD_RUNPATH_SEARCH_PATHS = (
					"$(inherited)",
					"@executable_path/../Frameworks",
					"@loader_path/../Frameworks",
				);
				MACOSX_DEPLOYMENT_TARGET = 14.0;
				PRODUCT_BUNDLE_IDENTIFIER = be.devliegere.JamfDash.tests;
				SDKROOT = macosx;
				TEST_HOST = "$(BUILT_PRODUCTS_DIR)/JamfDash.app/Contents/MacOS/JamfDash";
			};
			name = Debug;
		};
/* End XCBuildConfiguration section */

/* Begin XCConfigurationList section */
		09A61E5592338F88D1D9C1D3 /* Build configuration list for PBXNativeTarget "JamfDash" */ = {
			isa = XCConfigurationList;
			buildConfigurations = (
				7D187A6CBF724B88E9EB06F0 /* Debug */,
				4EB1D246736B8C4830616532 /* Release */,
			);
			defaultConfigurationIsVisible = 0;
			defaultConfigurationName = Debug;
		};
		0CC08FBE6AF939974886DA6F /* Build configuration list for PBXNativeTarget "JamfDashCLIWorker" */ = {
			isa = XCConfigurationList;
			buildConfigurations = (
				06185AEADD079D50930DCF0B /* Release */,
				B0FE17BA2633B06A25DADC98 /* Debug */,
			);
			defaultConfigurationIsVisible = 0;
			defaultConfigurationName = Release;
		};
		290A2107AECBD44BE9136CCC /* Build configuration list for PBXProject "JamfDash" */ = {
			isa = XCConfigurationList;
			buildConfigurations = (
				9F99EDBC46C21CD64F579886 /* Debug */,
				9820D8F2B9AADF45DDEA9C6E /* Release */,
			);
			defaultConfigurationIsVisible = 0;
			defaultConfigurationName = Debug;
		};
		6CF5761C7A7297D11DA34E72 /* Build configuration list for PBXNativeTarget "JamfDashTests" */ = {
			isa = XCConfigurationList;
			buildConfigurations = (
				FF540715E799F8A3246EA679 /* Debug */,
				B90D2906D4C937937814DA5B /* Release */,
			);
			defaultConfigurationIsVisible = 0;
			defaultConfigurationName = Debug;
		};
/* End XCConfigurationList section */

/* Begin XCRemoteSwiftPackageReference section */
		66530262C2A602F864A5698B /* XCRemoteSwiftPackageReference "Sparkle" */ = {
			isa = XCRemoteSwiftPackageReference;
			repositoryURL = "https://github.com/sparkle-project/Sparkle";
			requirement = {
				kind = upToNextMajorVersion;
				minimumVersion = 2.0.0;
			};
		};
/* End XCRemoteSwiftPackageReference section */

/* Begin XCSwiftPackageProductDependency section */
		DBCECC8C1B80F4327F75D5BD /* Sparkle */ = {
			isa = XCSwiftPackageProductDependency;
			package = 66530262C2A602F864A5698B /* XCRemoteSwiftPackageReference "Sparkle" */;
			productName = Sparkle;
		};
/* End XCSwiftPackageProductDependency section */
	};
	rootObject = 25378913B90D1F81C3A7DADC /* Project object */;
}
